Microsoft Visual Studio Solution File, Format Version 12.00
# Visual Studio Version 16
VisualStudioVersion = 16.0.29209.62
MinimumVisualStudioVersion = 10.0.40219.1
Project("{FAE04EC0-301F-11D3-BF4B-00C04F79EFBC}") = "LinC.iOS", "Hosts\LinC.iOS\LinC.iOS.csproj", "{9CF7F118-9CE4-4C3F-8425-D33EAEF60B16}"
EndProject
Project("{FAE04EC0-301F-11D3-BF4B-00C04F79EFBC}") = "LinC", "Hosts\LinC\LinC.csproj", "{3A31A506-2AE1-4416-AFA1-605F82E4FB68}"
EndProject
Project("{2150E333-8FDC-42A3-9474-1A3956D46DE8}") = "Hosts", "Hosts", "{7AD9773D-FF2A-4E81-B932-679B8115644D}"
EndProject
Project("{2150E333-8FDC-42A3-9474-1A3956D46DE8}") = "Lib", "Lib", "{C024124F-4A97-455A-9D2A-8A6143573F84}"
EndProject
Project("{2150E333-8FDC-42A3-9474-1A3956D46DE8}") = "Tests", "Tests", "{3A696AB8-82F6-4211-BDB0-F05D67021F49}"
EndProject
Project("{2150E333-8FDC-42A3-9474-1A3956D46DE8}") = "Shared", "Shared", "{38E23226-8BD0-4466-AED4-319CB519D424}"
EndProject
Project("{2150E333-8FDC-42A3-9474-1A3956D46DE8}") = "Cognizant.Hackathon", "Cognizant.Hackathon", "{2457B903-5AA0-4B97-8E43-40E2A59C6CA5}"
EndProject
Project("{FAE04EC0-301F-11D3-BF4B-00C04F79EFBC}") = "Cognizant.Hackathon.Mobile.Core", "Lib\Cognizant.Hackathon\Cognizant.Hackathon.Mobile.Core\Cognizant.Hackathon.Mobile.Core.csproj", "{44DDA70F-034F-49A6-A55B-2C4DA0E12550}"
EndProject
Project("{FAE04EC0-301F-11D3-BF4B-00C04F79EFBC}") = "Cognizant.Hackathon.Shared.Mobile.Bootstrap", "Lib\Shared\Cognizant.Hackathon.Shared.Mobile.Bootstrap\Cognizant.Hackathon.Shared.Mobile.Bootstrap.csproj", "{9120925E-F9A3-4615-AA16-8F1591A398B9}"
EndProject
Project("{9A19103F-16F7-4668-BE54-9A1E7A4F7556}") = "Cognizant.Hackathon.Shared.Mobile.Data", "Lib\Shared\Cognizant.Hackathon.Shared.Mobile.Data\Cognizant.Hackathon.Shared.Mobile.Data.csproj", "{C2EBA9BF-50E9-4C56-A027-AFBCE38452C2}"
EndProject
Project("{9A19103F-16F7-4668-BE54-9A1E7A4F7556}") = "Cognizant.Hackathon.Shared.Mobile.Helpers", "Lib\Shared\Cognizant.Hackathon.Shared.Mobile.Helpers\Cognizant.Hackathon.Shared.Mobile.Helpers.csproj", "{1589B934-3815-4FAF-B7D1-9CD9F086A207}"
EndProject
Project("{FAE04EC0-301F-11D3-BF4B-00C04F79EFBC}") = "Cognizant.Hackathon.Shared.Mobile.Shared", "Lib\Shared\Cognizant.Hackathon.Shared.Mobile.Shared\Cognizant.Hackathon.Shared.Mobile.Shared.csproj", "{9AAD936D-3249-4C10-A078-5ED939BAF008}"
EndProject
Project("{FAE04EC0-301F-11D3-BF4B-00C04F79EFBC}") = "Cognizant.Hackathon.Shared.Mobile.Models", "Lib\Shared\Cognizant.Hackathon.Shared.Mobile.Models\Cognizant.Hackathon.Shared.Mobile.Models.csproj", "{9DDB5E56-A02B-4904-969C-F81734A5BD0B}"
EndProject
Project("{FAE04EC0-301F-11D3-BF4B-00C04F79EFBC}") = "Cognizant.Hackathon.Shared.Mobile.Core", "Lib\Shared\Cognizant.Hackathon.Shared.Mobile.Core\Cognizant.Hackathon.Shared.Mobile.Core.csproj", "{A14CEE7B-122F-445F-BE22-BFCDE6CB0934}"
EndProject
Project("{2150E333-8FDC-42A3-9474-1A3956D46DE8}") = "DLLs", "DLLs", "{DCE910CD-E99F-40E1-99C1-D96A1546C24A}"
EndProject
Project("{2150E333-8FDC-42A3-9474-1A3956D46DE8}") = "Android", "Android", "{F611C5EA-02F9-458A-8524-AFAE61A68BC4}"
	ProjectSection(SolutionItems) = preProject
		Lib\DLLs\Android\StandardAppConfig.FileSystemStream.dll = Lib\DLLs\Android\StandardAppConfig.FileSystemStream.dll
		Lib\DLLs\Android\StandardAppConfig.dll = Lib\DLLs\Android\StandardAppConfig.dll
		Lib\DLLs\Android\StandardAppConfig.FileSystemStream.Abstractions.dll = Lib\DLLs\Android\StandardAppConfig.FileSystemStream.Abstractions.dll
	EndProjectSection
EndProject
Project("{2150E333-8FDC-42A3-9474-1A3956D46DE8}") = "iOS", "iOS", "{416EF61A-85AF-4679-9963-B18D0B8EFE77}"
	ProjectSection(SolutionItems) = preProject
		Lib\DLLs\iOS\StandardAppConfig.FileSystemStream.dll = Lib\DLLs\iOS\StandardAppConfig.FileSystemStream.dll
		Lib\DLLs\iOS\StandardAppConfig.dll = Lib\DLLs\iOS\StandardAppConfig.dll
		Lib\DLLs\iOS\StandardAppConfig.FileSystemStream.Abstractions.dll = Lib\DLLs\iOS\StandardAppConfig.FileSystemStream.Abstractions.dll
	EndProjectSection
EndProject
Project("{2150E333-8FDC-42A3-9474-1A3956D46DE8}") = "Common", "Common", "{E4337BD0-FDAE-4D8F-944A-89A161EB4E40}"
	ProjectSection(SolutionItems) = preProject
		Lib\DLLs\Common\StandardAppConfig.FileSystemStream.dll = Lib\DLLs\Common\StandardAppConfig.FileSystemStream.dll
		Lib\DLLs\Common\StandardAppConfig.dll = Lib\DLLs\Common\StandardAppConfig.dll
	EndProjectSection
EndProject
Project("{2150E333-8FDC-42A3-9474-1A3956D46DE8}") = "Solution Items", "Solution Items", "{1B86633E-E4A6-4107-86AC-290A22256C67}"
	ProjectSection(SolutionItems) = preProject
		.tfignore = .tfignore
	EndProjectSection
EndProject
Project("{FAE04EC0-301F-11D3-BF4B-00C04F79EFBC}") = "Cognizant.Hackathon.Core", "Lib\Cognizant.Hackathon\Cognizant.Hackathon.Core\Cognizant.Hackathon.Core.csproj", "{500B6E5F-8638-471A-872E-F2F6B050E24A}"
EndProject
Project("{FAE04EC0-301F-11D3-BF4B-00C04F79EFBC}") = "Cognizant.Hackathon.RestClient", "Lib\Cognizant.Hackathon\Cognizant.Hackathon.RestClient\Cognizant.Hackathon.RestClient.csproj", "{ED091004-9CFE-4A49-9DA3-FC4F471B84AB}"
EndProject
Project("{9344BDBB-3E7F-41FC-A0DD-8665D75EE146}") = "LinC.Android", "Hosts\LinC.Android\LinC.Android.csproj", "{7C693F54-1E4B-48B0-A7F3-2B008046E6CB}"
EndProject
Global
	GlobalSection(SolutionConfigurationPlatforms) = preSolution
		AdHoc_PQA|Any CPU = AdHoc_PQA|Any CPU
		AdHoc_PQA|iPhone = AdHoc_PQA|iPhone
		AdHoc_PQA|iPhoneSimulator = AdHoc_PQA|iPhoneSimulator
		AdHoc_PROD|Any CPU = AdHoc_PROD|Any CPU
		AdHoc_PROD|iPhone = AdHoc_PROD|iPhone
		AdHoc_PROD|iPhoneSimulator = AdHoc_PROD|iPhoneSimulator
		AdHoc_QA|Any CPU = AdHoc_QA|Any CPU
		AdHoc_QA|iPhone = AdHoc_QA|iPhone
		AdHoc_QA|iPhoneSimulator = AdHoc_QA|iPhoneSimulator
		AdHoc_Staging|Any CPU = AdHoc_Staging|Any CPU
		AdHoc_Staging|iPhone = AdHoc_Staging|iPhone
		AdHoc_Staging|iPhoneSimulator = AdHoc_Staging|iPhoneSimulator
		Ad-Hoc|Any CPU = Ad-Hoc|Any CPU
		Ad-Hoc|iPhone = Ad-Hoc|iPhone
		Ad-Hoc|iPhoneSimulator = Ad-Hoc|iPhoneSimulator
		AppStore|Any CPU = AppStore|Any CPU
		AppStore|iPhone = AppStore|iPhone
		AppStore|iPhoneSimulator = AppStore|iPhoneSimulator
		Debug|Any CPU = Debug|Any CPU
		Debug|iPhone = Debug|iPhone
		Debug|iPhoneSimulator = Debug|iPhoneSimulator
		Release|Any CPU = Release|Any CPU
		Release|iPhone = Release|iPhone
		Release|iPhoneSimulator = Release|iPhoneSimulator
		PlayStore|Any CPU = PlayStore|Any CPU
		Android-PQA|Any CPU = Android-PQA|Any CPU
		Android-PROD|Any CPU = Android-PROD|Any CPU
		AdHoc-PQA|Any CPU = AdHoc-PQA|Any CPU
		AdHoc-PROD|Any CPU = AdHoc-PROD|Any CPU
	EndGlobalSection
	GlobalSection(ProjectConfigurationPlatforms) = postSolution
		{9CF7F118-9CE4-4C3F-8425-D33EAEF60B16}.AdHoc_PQA|Any CPU.ActiveCfg = AdHoc_PQA|Any CPU
		{9CF7F118-9CE4-4C3F-8425-D33EAEF60B16}.AdHoc_PQA|iPhone.ActiveCfg = AdHoc_PQA|iPhone
		{9CF7F118-9CE4-4C3F-8425-D33EAEF60B16}.AdHoc_PQA|iPhone.Build.0 = AdHoc_PQA|iPhone
		{9CF7F118-9CE4-4C3F-8425-D33EAEF60B16}.AdHoc_PQA|iPhone.Deploy.0 = AdHoc_PQA|iPhone
		{9CF7F118-9CE4-4C3F-8425-D33EAEF60B16}.AdHoc_PQA|iPhoneSimulator.ActiveCfg = AdHoc_PQA|iPhoneSimulator
		{9CF7F118-9CE4-4C3F-8425-D33EAEF60B16}.AdHoc_PQA|iPhoneSimulator.Build.0 = AdHoc_PQA|iPhoneSimulator
		{9CF7F118-9CE4-4C3F-8425-D33EAEF60B16}.AdHoc_PQA|iPhoneSimulator.Deploy.0 = AdHoc_PQA|iPhoneSimulator
		{9CF7F118-9CE4-4C3F-8425-D33EAEF60B16}.AdHoc_PROD|Any CPU.ActiveCfg = AdHoc_PROD|Any CPU
		{9CF7F118-9CE4-4C3F-8425-D33EAEF60B16}.AdHoc_PROD|iPhone.ActiveCfg = AdHoc_PROD|iPhone
		{9CF7F118-9CE4-4C3F-8425-D33EAEF60B16}.AdHoc_PROD|iPhone.Build.0 = AdHoc_PROD|iPhone
		{9CF7F118-9CE4-4C3F-8425-D33EAEF60B16}.AdHoc_PROD|iPhone.Deploy.0 = AdHoc_PROD|iPhone
		{9CF7F118-9CE4-4C3F-8425-D33EAEF60B16}.AdHoc_PROD|iPhoneSimulator.ActiveCfg = AdHoc_PROD|iPhoneSimulator
		{9CF7F118-9CE4-4C3F-8425-D33EAEF60B16}.AdHoc_PROD|iPhoneSimulator.Build.0 = AdHoc_PROD|iPhoneSimulator
		{9CF7F118-9CE4-4C3F-8425-D33EAEF60B16}.AdHoc_PROD|iPhoneSimulator.Deploy.0 = AdHoc_PROD|iPhoneSimulator
		{9CF7F118-9CE4-4C3F-8425-D33EAEF60B16}.AdHoc_QA|Any CPU.ActiveCfg = AdHoc_QA|Any CPU
		{9CF7F118-9CE4-4C3F-8425-D33EAEF60B16}.AdHoc_QA|iPhone.ActiveCfg = AdHoc_QA|iPhone
		{9CF7F118-9CE4-4C3F-8425-D33EAEF60B16}.AdHoc_QA|iPhone.Build.0 = AdHoc_QA|iPhone
		{9CF7F118-9CE4-4C3F-8425-D33EAEF60B16}.AdHoc_QA|iPhone.Deploy.0 = AdHoc_QA|iPhone
		{9CF7F118-9CE4-4C3F-8425-D33EAEF60B16}.AdHoc_QA|iPhoneSimulator.ActiveCfg = AdHoc_QA|iPhoneSimulator
		{9CF7F118-9CE4-4C3F-8425-D33EAEF60B16}.AdHoc_QA|iPhoneSimulator.Build.0 = AdHoc_QA|iPhoneSimulator
		{9CF7F118-9CE4-4C3F-8425-D33EAEF60B16}.AdHoc_QA|iPhoneSimulator.Deploy.0 = AdHoc_QA|iPhoneSimulator
		{9CF7F118-9CE4-4C3F-8425-D33EAEF60B16}.AdHoc_Staging|Any CPU.ActiveCfg = AdHoc_Staging|Any CPU
		{9CF7F118-9CE4-4C3F-8425-D33EAEF60B16}.AdHoc_Staging|iPhone.ActiveCfg = AdHoc_Staging|iPhone
		{9CF7F118-9CE4-4C3F-8425-D33EAEF60B16}.AdHoc_Staging|iPhone.Build.0 = AdHoc_Staging|iPhone
		{9CF7F118-9CE4-4C3F-8425-D33EAEF60B16}.AdHoc_Staging|iPhone.Deploy.0 = AdHoc_Staging|iPhone
		{9CF7F118-9CE4-4C3F-8425-D33EAEF60B16}.AdHoc_Staging|iPhoneSimulator.ActiveCfg = AdHoc_Staging|iPhoneSimulator
		{9CF7F118-9CE4-4C3F-8425-D33EAEF60B16}.AdHoc_Staging|iPhoneSimulator.Build.0 = AdHoc_Staging|iPhoneSimulator
		{9CF7F118-9CE4-4C3F-8425-D33EAEF60B16}.AdHoc_Staging|iPhoneSimulator.Deploy.0 = AdHoc_Staging|iPhoneSimulator
		{9CF7F118-9CE4-4C3F-8425-D33EAEF60B16}.Ad-Hoc|Any CPU.ActiveCfg = Ad-Hoc|iPhoneSimulator
		{9CF7F118-9CE4-4C3F-8425-D33EAEF60B16}.Ad-Hoc|iPhone.ActiveCfg = Ad-Hoc|iPhoneSimulator
		{9CF7F118-9CE4-4C3F-8425-D33EAEF60B16}.Ad-Hoc|iPhoneSimulator.ActiveCfg = Ad-Hoc|iPhoneSimulator
		{9CF7F118-9CE4-4C3F-8425-D33EAEF60B16}.Ad-Hoc|iPhoneSimulator.Build.0 = Ad-Hoc|iPhoneSimulator
		{9CF7F118-9CE4-4C3F-8425-D33EAEF60B16}.AppStore|Any CPU.ActiveCfg = AppStore|iPhone
		{9CF7F118-9CE4-4C3F-8425-D33EAEF60B16}.AppStore|iPhone.ActiveCfg = AppStore|iPhone
		{9CF7F118-9CE4-4C3F-8425-D33EAEF60B16}.AppStore|iPhone.Build.0 = AppStore|iPhone
		{9CF7F118-9CE4-4C3F-8425-D33EAEF60B16}.AppStore|iPhone.Deploy.0 = AppStore|iPhone
		{9CF7F118-9CE4-4C3F-8425-D33EAEF60B16}.AppStore|iPhoneSimulator.ActiveCfg = AppStore|iPhoneSimulator
		{9CF7F118-9CE4-4C3F-8425-D33EAEF60B16}.AppStore|iPhoneSimulator.Build.0 = AppStore|iPhoneSimulator
		{9CF7F118-9CE4-4C3F-8425-D33EAEF60B16}.AppStore|iPhoneSimulator.Deploy.0 = AppStore|iPhoneSimulator
		{9CF7F118-9CE4-4C3F-8425-D33EAEF60B16}.Debug|Any CPU.ActiveCfg = Debug|iPhoneSimulator
		{9CF7F118-9CE4-4C3F-8425-D33EAEF60B16}.Debug|Any CPU.Build.0 = Debug|iPhoneSimulator
		{9CF7F118-9CE4-4C3F-8425-D33EAEF60B16}.Debug|Any CPU.Deploy.0 = Debug|iPhoneSimulator
		{9CF7F118-9CE4-4C3F-8425-D33EAEF60B16}.Debug|iPhone.ActiveCfg = Debug|iPhone
		{9CF7F118-9CE4-4C3F-8425-D33EAEF60B16}.Debug|iPhone.Build.0 = Debug|iPhone
		{9CF7F118-9CE4-4C3F-8425-D33EAEF60B16}.Debug|iPhone.Deploy.0 = Debug|iPhone
		{9CF7F118-9CE4-4C3F-8425-D33EAEF60B16}.Debug|iPhoneSimulator.ActiveCfg = Debug|iPhoneSimulator
		{9CF7F118-9CE4-4C3F-8425-D33EAEF60B16}.Debug|iPhoneSimulator.Build.0 = Debug|iPhoneSimulator
		{9CF7F118-9CE4-4C3F-8425-D33EAEF60B16}.Debug|iPhoneSimulator.Deploy.0 = Debug|iPhoneSimulator
		{9CF7F118-9CE4-4C3F-8425-D33EAEF60B16}.Release|Any CPU.ActiveCfg = Release|iPhone
		{9CF7F118-9CE4-4C3F-8425-D33EAEF60B16}.Release|Any CPU.Build.0 = Release|iPhone
		{9CF7F118-9CE4-4C3F-8425-D33EAEF60B16}.Release|Any CPU.Deploy.0 = Release|iPhone
		{9CF7F118-9CE4-4C3F-8425-D33EAEF60B16}.Release|iPhone.ActiveCfg = Release|iPhone
		{9CF7F118-9CE4-4C3F-8425-D33EAEF60B16}.Release|iPhone.Deploy.0 = Release|iPhone
		{9CF7F118-9CE4-4C3F-8425-D33EAEF60B16}.Release|iPhoneSimulator.ActiveCfg = Release|iPhoneSimulator
		{9CF7F118-9CE4-4C3F-8425-D33EAEF60B16}.Release|iPhoneSimulator.Build.0 = Release|iPhoneSimulator
		{9CF7F118-9CE4-4C3F-8425-D33EAEF60B16}.Release|iPhoneSimulator.Deploy.0 = Release|iPhoneSimulator
		{9CF7F118-9CE4-4C3F-8425-D33EAEF60B16}.PlayStore|Any CPU.ActiveCfg = Debug|iPhoneSimulator
		{9CF7F118-9CE4-4C3F-8425-D33EAEF60B16}.PlayStore|Any CPU.Build.0 = Debug|iPhoneSimulator
		{9CF7F118-9CE4-4C3F-8425-D33EAEF60B16}.Android-PQA|Any CPU.ActiveCfg = Debug|iPhoneSimulator
		{9CF7F118-9CE4-4C3F-8425-D33EAEF60B16}.Android-PQA|Any CPU.Build.0 = Debug|iPhoneSimulator
		{9CF7F118-9CE4-4C3F-8425-D33EAEF60B16}.Android-PROD|Any CPU.ActiveCfg = Debug|iPhoneSimulator
		{9CF7F118-9CE4-4C3F-8425-D33EAEF60B16}.Android-PROD|Any CPU.Build.0 = Debug|iPhoneSimulator
		{9CF7F118-9CE4-4C3F-8425-D33EAEF60B16}.AdHoc-PQA|Any CPU.ActiveCfg = Debug|iPhoneSimulator
		{9CF7F118-9CE4-4C3F-8425-D33EAEF60B16}.AdHoc-PQA|Any CPU.Build.0 = Debug|iPhoneSimulator
		{9CF7F118-9CE4-4C3F-8425-D33EAEF60B16}.AdHoc-PROD|Any CPU.ActiveCfg = Debug|iPhoneSimulator
		{9CF7F118-9CE4-4C3F-8425-D33EAEF60B16}.AdHoc-PROD|Any CPU.Build.0 = Debug|iPhoneSimulator
		{3A31A506-2AE1-4416-AFA1-605F82E4FB68}.AdHoc_PQA|Any CPU.ActiveCfg = AdHoc_PQA|Any CPU
		{3A31A506-2AE1-4416-AFA1-605F82E4FB68}.AdHoc_PQA|Any CPU.Build.0 = AdHoc_PQA|Any CPU
		{3A31A506-2AE1-4416-AFA1-605F82E4FB68}.AdHoc_PQA|iPhone.ActiveCfg = AdHoc_PQA|Any CPU
		{3A31A506-2AE1-4416-AFA1-605F82E4FB68}.AdHoc_PQA|iPhone.Build.0 = AdHoc_PQA|Any CPU
		{3A31A506-2AE1-4416-AFA1-605F82E4FB68}.AdHoc_PQA|iPhoneSimulator.ActiveCfg = AdHoc_PQA|Any CPU
		{3A31A506-2AE1-4416-AFA1-605F82E4FB68}.AdHoc_PQA|iPhoneSimulator.Build.0 = AdHoc_PQA|Any CPU
		{3A31A506-2AE1-4416-AFA1-605F82E4FB68}.AdHoc_PROD|Any CPU.ActiveCfg = AdHoc_PROD|Any CPU
		{3A31A506-2AE1-4416-AFA1-605F82E4FB68}.AdHoc_PROD|Any CPU.Build.0 = AdHoc_PROD|Any CPU
		{3A31A506-2AE1-4416-AFA1-605F82E4FB68}.AdHoc_PROD|iPhone.ActiveCfg = AdHoc_PROD|Any CPU
		{3A31A506-2AE1-4416-AFA1-605F82E4FB68}.AdHoc_PROD|iPhone.Build.0 = AdHoc_PROD|Any CPU
		{3A31A506-2AE1-4416-AFA1-605F82E4FB68}.AdHoc_PROD|iPhoneSimulator.ActiveCfg = AdHoc_PROD|Any CPU
		{3A31A506-2AE1-4416-AFA1-605F82E4FB68}.AdHoc_PROD|iPhoneSimulator.Build.0 = AdHoc_PROD|Any CPU
		{3A31A506-2AE1-4416-AFA1-605F82E4FB68}.AdHoc_QA|Any CPU.ActiveCfg = AdHoc_QA|Any CPU
		{3A31A506-2AE1-4416-AFA1-605F82E4FB68}.AdHoc_QA|Any CPU.Build.0 = AdHoc_QA|Any CPU
		{3A31A506-2AE1-4416-AFA1-605F82E4FB68}.AdHoc_QA|iPhone.ActiveCfg = AdHoc_QA|Any CPU
		{3A31A506-2AE1-4416-AFA1-605F82E4FB68}.AdHoc_QA|iPhone.Build.0 = AdHoc_QA|Any CPU
		{3A31A506-2AE1-4416-AFA1-605F82E4FB68}.AdHoc_QA|iPhoneSimulator.ActiveCfg = AdHoc_QA|Any CPU
		{3A31A506-2AE1-4416-AFA1-605F82E4FB68}.AdHoc_QA|iPhoneSimulator.Build.0 = AdHoc_QA|Any CPU
		{3A31A506-2AE1-4416-AFA1-605F82E4FB68}.AdHoc_Staging|Any CPU.ActiveCfg = AdHoc_Staging|Any CPU
		{3A31A506-2AE1-4416-AFA1-605F82E4FB68}.AdHoc_Staging|Any CPU.Build.0 = AdHoc_Staging|Any CPU
		{3A31A506-2AE1-4416-AFA1-605F82E4FB68}.AdHoc_Staging|iPhone.ActiveCfg = AdHoc_Staging|Any CPU
		{3A31A506-2AE1-4416-AFA1-605F82E4FB68}.AdHoc_Staging|iPhone.Build.0 = AdHoc_Staging|Any CPU
		{3A31A506-2AE1-4416-AFA1-605F82E4FB68}.AdHoc_Staging|iPhoneSimulator.ActiveCfg = AdHoc_Staging|Any CPU
		{3A31A506-2AE1-4416-AFA1-605F82E4FB68}.AdHoc_Staging|iPhoneSimulator.Build.0 = AdHoc_Staging|Any CPU
		{3A31A506-2AE1-4416-AFA1-605F82E4FB68}.Ad-Hoc|Any CPU.ActiveCfg = Debug|Any CPU
		{3A31A506-2AE1-4416-AFA1-605F82E4FB68}.Ad-Hoc|Any CPU.Build.0 = Debug|Any CPU
		{3A31A506-2AE1-4416-AFA1-605F82E4FB68}.Ad-Hoc|iPhone.ActiveCfg = Debug|Any CPU
		{3A31A506-2AE1-4416-AFA1-605F82E4FB68}.Ad-Hoc|iPhone.Build.0 = Debug|Any CPU
		{3A31A506-2AE1-4416-AFA1-605F82E4FB68}.Ad-Hoc|iPhoneSimulator.ActiveCfg = Release|Any CPU
		{3A31A506-2AE1-4416-AFA1-605F82E4FB68}.Ad-Hoc|iPhoneSimulator.Build.0 = Release|Any CPU
		{3A31A506-2AE1-4416-AFA1-605F82E4FB68}.AppStore|Any CPU.ActiveCfg = AppStore|Any CPU
		{3A31A506-2AE1-4416-AFA1-605F82E4FB68}.AppStore|Any CPU.Build.0 = AppStore|Any CPU
		{3A31A506-2AE1-4416-AFA1-605F82E4FB68}.AppStore|iPhone.ActiveCfg = AppStore|Any CPU
		{3A31A506-2AE1-4416-AFA1-605F82E4FB68}.AppStore|iPhone.Build.0 = AppStore|Any CPU
		{3A31A506-2AE1-4416-AFA1-605F82E4FB68}.AppStore|iPhoneSimulator.ActiveCfg = AppStore|Any CPU
		{3A31A506-2AE1-4416-AFA1-605F82E4FB68}.AppStore|iPhoneSimulator.Build.0 = AppStore|Any CPU
		{3A31A506-2AE1-4416-AFA1-605F82E4FB68}.Debug|Any CPU.ActiveCfg = Debug|Any CPU
		{3A31A506-2AE1-4416-AFA1-605F82E4FB68}.Debug|Any CPU.Build.0 = Debug|Any CPU
		{3A31A506-2AE1-4416-AFA1-605F82E4FB68}.Debug|Any CPU.Deploy.0 = Debug|Any CPU
		{3A31A506-2AE1-4416-AFA1-605F82E4FB68}.Debug|iPhone.ActiveCfg = Debug|Any CPU
		{3A31A506-2AE1-4416-AFA1-605F82E4FB68}.Debug|iPhone.Build.0 = Debug|Any CPU
		{3A31A506-2AE1-4416-AFA1-605F82E4FB68}.Debug|iPhone.Deploy.0 = Debug|Any CPU
		{3A31A506-2AE1-4416-AFA1-605F82E4FB68}.Debug|iPhoneSimulator.ActiveCfg = Debug|Any CPU
		{3A31A506-2AE1-4416-AFA1-605F82E4FB68}.Debug|iPhoneSimulator.Build.0 = Debug|Any CPU
		{3A31A506-2AE1-4416-AFA1-605F82E4FB68}.Debug|iPhoneSimulator.Deploy.0 = Debug|Any CPU
		{3A31A506-2AE1-4416-AFA1-605F82E4FB68}.Release|Any CPU.ActiveCfg = Release|Any CPU
		{3A31A506-2AE1-4416-AFA1-605F82E4FB68}.Release|Any CPU.Build.0 = Release|Any CPU
		{3A31A506-2AE1-4416-AFA1-605F82E4FB68}.Release|Any CPU.Deploy.0 = Release|Any CPU
		{3A31A506-2AE1-4416-AFA1-605F82E4FB68}.Release|iPhone.ActiveCfg = Release|Any CPU
		{3A31A506-2AE1-4416-AFA1-605F82E4FB68}.Release|iPhone.Build.0 = Release|Any CPU
		{3A31A506-2AE1-4416-AFA1-605F82E4FB68}.Release|iPhone.Deploy.0 = Release|Any CPU
		{3A31A506-2AE1-4416-AFA1-605F82E4FB68}.Release|iPhoneSimulator.ActiveCfg = Release|Any CPU
		{3A31A506-2AE1-4416-AFA1-605F82E4FB68}.Release|iPhoneSimulator.Build.0 = Release|Any CPU
		{3A31A506-2AE1-4416-AFA1-605F82E4FB68}.Release|iPhoneSimulator.Deploy.0 = Release|Any CPU
		{3A31A506-2AE1-4416-AFA1-605F82E4FB68}.PlayStore|Any CPU.ActiveCfg = Debug|Any CPU
		{3A31A506-2AE1-4416-AFA1-605F82E4FB68}.PlayStore|Any CPU.Build.0 = Debug|Any CPU
		{3A31A506-2AE1-4416-AFA1-605F82E4FB68}.Android-PQA|Any CPU.ActiveCfg = Debug|Any CPU
		{3A31A506-2AE1-4416-AFA1-605F82E4FB68}.Android-PQA|Any CPU.Build.0 = Debug|Any CPU
		{3A31A506-2AE1-4416-AFA1-605F82E4FB68}.Android-PROD|Any CPU.ActiveCfg = Debug|Any CPU
		{3A31A506-2AE1-4416-AFA1-605F82E4FB68}.Android-PROD|Any CPU.Build.0 = Debug|Any CPU
		{3A31A506-2AE1-4416-AFA1-605F82E4FB68}.AdHoc-PQA|Any CPU.ActiveCfg = Debug|Any CPU
		{3A31A506-2AE1-4416-AFA1-605F82E4FB68}.AdHoc-PQA|Any CPU.Build.0 = Debug|Any CPU
		{3A31A506-2AE1-4416-AFA1-605F82E4FB68}.AdHoc-PROD|Any CPU.ActiveCfg = Debug|Any CPU
		{3A31A506-2AE1-4416-AFA1-605F82E4FB68}.AdHoc-PROD|Any CPU.Build.0 = Debug|Any CPU
		{44DDA70F-034F-49A6-A55B-2C4DA0E12550}.AdHoc_PQA|Any CPU.ActiveCfg = AdHoc_PQA|Any CPU
		{44DDA70F-034F-49A6-A55B-2C4DA0E12550}.AdHoc_PQA|Any CPU.Build.0 = AdHoc_PQA|Any CPU
		{44DDA70F-034F-49A6-A55B-2C4DA0E12550}.AdHoc_PQA|iPhone.ActiveCfg = AdHoc_PQA|Any CPU
		{44DDA70F-034F-49A6-A55B-2C4DA0E12550}.AdHoc_PQA|iPhone.Build.0 = AdHoc_PQA|Any CPU
		{44DDA70F-034F-49A6-A55B-2C4DA0E12550}.AdHoc_PQA|iPhoneSimulator.ActiveCfg = AdHoc_PQA|Any CPU
		{44DDA70F-034F-49A6-A55B-2C4DA0E12550}.AdHoc_PQA|iPhoneSimulator.Build.0 = AdHoc_PQA|Any CPU
		{44DDA70F-034F-49A6-A55B-2C4DA0E12550}.AdHoc_PROD|Any CPU.ActiveCfg = AdHoc_PROD|Any CPU
		{44DDA70F-034F-49A6-A55B-2C4DA0E12550}.AdHoc_PROD|Any CPU.Build.0 = AdHoc_PROD|Any CPU
		{44DDA70F-034F-49A6-A55B-2C4DA0E12550}.AdHoc_PROD|iPhone.ActiveCfg = AdHoc_PROD|Any CPU
		{44DDA70F-034F-49A6-A55B-2C4DA0E12550}.AdHoc_PROD|iPhone.Build.0 = AdHoc_PROD|Any CPU
		{44DDA70F-034F-49A6-A55B-2C4DA0E12550}.AdHoc_PROD|iPhoneSimulator.ActiveCfg = AdHoc_PROD|Any CPU
		{44DDA70F-034F-49A6-A55B-2C4DA0E12550}.AdHoc_PROD|iPhoneSimulator.Build.0 = AdHoc_PROD|Any CPU
		{44DDA70F-034F-49A6-A55B-2C4DA0E12550}.AdHoc_QA|Any CPU.ActiveCfg = AdHoc_QA|Any CPU
		{44DDA70F-034F-49A6-A55B-2C4DA0E12550}.AdHoc_QA|Any CPU.Build.0 = AdHoc_QA|Any CPU
		{44DDA70F-034F-49A6-A55B-2C4DA0E12550}.AdHoc_QA|iPhone.ActiveCfg = AdHoc_QA|Any CPU
		{44DDA70F-034F-49A6-A55B-2C4DA0E12550}.AdHoc_QA|iPhone.Build.0 = AdHoc_QA|Any CPU
		{44DDA70F-034F-49A6-A55B-2C4DA0E12550}.AdHoc_QA|iPhoneSimulator.ActiveCfg = AdHoc_QA|Any CPU
		{44DDA70F-034F-49A6-A55B-2C4DA0E12550}.AdHoc_QA|iPhoneSimulator.Build.0 = AdHoc_QA|Any CPU
		{44DDA70F-034F-49A6-A55B-2C4DA0E12550}.AdHoc_Staging|Any CPU.ActiveCfg = AdHoc_Staging|Any CPU
		{44DDA70F-034F-49A6-A55B-2C4DA0E12550}.AdHoc_Staging|Any CPU.Build.0 = AdHoc_Staging|Any CPU
		{44DDA70F-034F-49A6-A55B-2C4DA0E12550}.AdHoc_Staging|iPhone.ActiveCfg = AdHoc_Staging|Any CPU
		{44DDA70F-034F-49A6-A55B-2C4DA0E12550}.AdHoc_Staging|iPhone.Build.0 = AdHoc_Staging|Any CPU
		{44DDA70F-034F-49A6-A55B-2C4DA0E12550}.AdHoc_Staging|iPhoneSimulator.ActiveCfg = AdHoc_Staging|Any CPU
		{44DDA70F-034F-49A6-A55B-2C4DA0E12550}.AdHoc_Staging|iPhoneSimulator.Build.0 = AdHoc_Staging|Any CPU
		{44DDA70F-034F-49A6-A55B-2C4DA0E12550}.Ad-Hoc|Any CPU.ActiveCfg = Debug|Any CPU
		{44DDA70F-034F-49A6-A55B-2C4DA0E12550}.Ad-Hoc|Any CPU.Build.0 = Debug|Any CPU
		{44DDA70F-034F-49A6-A55B-2C4DA0E12550}.Ad-Hoc|iPhone.ActiveCfg = Debug|Any CPU
		{44DDA70F-034F-49A6-A55B-2C4DA0E12550}.Ad-Hoc|iPhone.Build.0 = Debug|Any CPU
		{44DDA70F-034F-49A6-A55B-2C4DA0E12550}.Ad-Hoc|iPhoneSimulator.ActiveCfg = Release|Any CPU
		{44DDA70F-034F-49A6-A55B-2C4DA0E12550}.Ad-Hoc|iPhoneSimulator.Build.0 = Release|Any CPU
		{44DDA70F-034F-49A6-A55B-2C4DA0E12550}.AppStore|Any CPU.ActiveCfg = AppStore|Any CPU
		{44DDA70F-034F-49A6-A55B-2C4DA0E12550}.AppStore|Any CPU.Build.0 = AppStore|Any CPU
		{44DDA70F-034F-49A6-A55B-2C4DA0E12550}.AppStore|iPhone.ActiveCfg = AppStore|Any CPU
		{44DDA70F-034F-49A6-A55B-2C4DA0E12550}.AppStore|iPhone.Build.0 = AppStore|Any CPU
		{44DDA70F-034F-49A6-A55B-2C4DA0E12550}.AppStore|iPhoneSimulator.ActiveCfg = AppStore|Any CPU
		{44DDA70F-034F-49A6-A55B-2C4DA0E12550}.AppStore|iPhoneSimulator.Build.0 = AppStore|Any CPU
		{44DDA70F-034F-49A6-A55B-2C4DA0E12550}.Debug|Any CPU.ActiveCfg = Debug|Any CPU
		{44DDA70F-034F-49A6-A55B-2C4DA0E12550}.Debug|Any CPU.Build.0 = Debug|Any CPU
		{44DDA70F-034F-49A6-A55B-2C4DA0E12550}.Debug|iPhone.ActiveCfg = Debug|Any CPU
		{44DDA70F-034F-49A6-A55B-2C4DA0E12550}.Debug|iPhone.Build.0 = Debug|Any CPU
		{44DDA70F-034F-49A6-A55B-2C4DA0E12550}.Debug|iPhoneSimulator.ActiveCfg = Debug|Any CPU
		{44DDA70F-034F-49A6-A55B-2C4DA0E12550}.Debug|iPhoneSimulator.Build.0 = Debug|Any CPU
		{44DDA70F-034F-49A6-A55B-2C4DA0E12550}.Release|Any CPU.ActiveCfg = Release|Any CPU
		{44DDA70F-034F-49A6-A55B-2C4DA0E12550}.Release|Any CPU.Build.0 = Release|Any CPU
		{44DDA70F-034F-49A6-A55B-2C4DA0E12550}.Release|iPhone.ActiveCfg = Release|Any CPU
		{44DDA70F-034F-49A6-A55B-2C4DA0E12550}.Release|iPhone.Build.0 = Release|Any CPU
		{44DDA70F-034F-49A6-A55B-2C4DA0E12550}.Release|iPhoneSimulator.ActiveCfg = Release|Any CPU
		{44DDA70F-034F-49A6-A55B-2C4DA0E12550}.Release|iPhoneSimulator.Build.0 = Release|Any CPU
		{44DDA70F-034F-49A6-A55B-2C4DA0E12550}.PlayStore|Any CPU.ActiveCfg = Release|Any CPU
		{44DDA70F-034F-49A6-A55B-2C4DA0E12550}.PlayStore|Any CPU.Build.0 = Release|Any CPU
		{44DDA70F-034F-49A6-A55B-2C4DA0E12550}.Android-PQA|Any CPU.ActiveCfg = Release|Any CPU
		{44DDA70F-034F-49A6-A55B-2C4DA0E12550}.Android-PQA|Any CPU.Build.0 = Release|Any CPU
		{44DDA70F-034F-49A6-A55B-2C4DA0E12550}.Android-PROD|Any CPU.ActiveCfg = Release|Any CPU
		{44DDA70F-034F-49A6-A55B-2C4DA0E12550}.Android-PROD|Any CPU.Build.0 = Release|Any CPU
		{44DDA70F-034F-49A6-A55B-2C4DA0E12550}.AdHoc-PQA|Any CPU.ActiveCfg = Release|Any CPU
		{44DDA70F-034F-49A6-A55B-2C4DA0E12550}.AdHoc-PQA|Any CPU.Build.0 = Release|Any CPU
		{44DDA70F-034F-49A6-A55B-2C4DA0E12550}.AdHoc-PROD|Any CPU.ActiveCfg = Release|Any CPU
		{44DDA70F-034F-49A6-A55B-2C4DA0E12550}.AdHoc-PROD|Any CPU.Build.0 = Release|Any CPU
		{9120925E-F9A3-4615-AA16-8F1591A398B9}.AdHoc_PQA|Any CPU.ActiveCfg = AdHoc_PQA|Any CPU
		{9120925E-F9A3-4615-AA16-8F1591A398B9}.AdHoc_PQA|Any CPU.Build.0 = AdHoc_PQA|Any CPU
		{9120925E-F9A3-4615-AA16-8F1591A398B9}.AdHoc_PQA|iPhone.ActiveCfg = AdHoc_PQA|Any CPU
		{9120925E-F9A3-4615-AA16-8F1591A398B9}.AdHoc_PQA|iPhone.Build.0 = AdHoc_PQA|Any CPU
		{9120925E-F9A3-4615-AA16-8F1591A398B9}.AdHoc_PQA|iPhoneSimulator.ActiveCfg = AdHoc_PQA|Any CPU
		{9120925E-F9A3-4615-AA16-8F1591A398B9}.AdHoc_PQA|iPhoneSimulator.Build.0 = AdHoc_PQA|Any CPU
		{9120925E-F9A3-4615-AA16-8F1591A398B9}.AdHoc_PROD|Any CPU.ActiveCfg = AdHoc_PROD|Any CPU
		{9120925E-F9A3-4615-AA16-8F1591A398B9}.AdHoc_PROD|Any CPU.Build.0 = AdHoc_PROD|Any CPU
		{9120925E-F9A3-4615-AA16-8F1591A398B9}.AdHoc_PROD|iPhone.ActiveCfg = AdHoc_PROD|Any CPU
		{9120925E-F9A3-4615-AA16-8F1591A398B9}.AdHoc_PROD|iPhone.Build.0 = AdHoc_PROD|Any CPU
		{9120925E-F9A3-4615-AA16-8F1591A398B9}.AdHoc_PROD|iPhoneSimulator.ActiveCfg = AdHoc_PROD|Any CPU
		{9120925E-F9A3-4615-AA16-8F1591A398B9}.AdHoc_PROD|iPhoneSimulator.Build.0 = AdHoc_PROD|Any CPU
		{9120925E-F9A3-4615-AA16-8F1591A398B9}.AdHoc_QA|Any CPU.ActiveCfg = AdHoc_QA|Any CPU
		{9120925E-F9A3-4615-AA16-8F1591A398B9}.AdHoc_QA|Any CPU.Build.0 = AdHoc_QA|Any CPU
		{9120925E-F9A3-4615-AA16-8F1591A398B9}.AdHoc_QA|iPhone.ActiveCfg = AdHoc_QA|Any CPU
		{9120925E-F9A3-4615-AA16-8F1591A398B9}.AdHoc_QA|iPhone.Build.0 = AdHoc_QA|Any CPU
		{9120925E-F9A3-4615-AA16-8F1591A398B9}.AdHoc_QA|iPhoneSimulator.ActiveCfg = AdHoc_QA|Any CPU
		{9120925E-F9A3-4615-AA16-8F1591A398B9}.AdHoc_QA|iPhoneSimulator.Build.0 = AdHoc_QA|Any CPU
		{9120925E-F9A3-4615-AA16-8F1591A398B9}.AdHoc_Staging|Any CPU.ActiveCfg = AdHoc_Staging|Any CPU
		{9120925E-F9A3-4615-AA16-8F1591A398B9}.AdHoc_Staging|Any CPU.Build.0 = AdHoc_Staging|Any CPU
		{9120925E-F9A3-4615-AA16-8F1591A398B9}.AdHoc_Staging|iPhone.ActiveCfg = AdHoc_Staging|Any CPU
		{9120925E-F9A3-4615-AA16-8F1591A398B9}.AdHoc_Staging|iPhone.Build.0 = AdHoc_Staging|Any CPU
		{9120925E-F9A3-4615-AA16-8F1591A398B9}.AdHoc_Staging|iPhoneSimulator.ActiveCfg = AdHoc_Staging|Any CPU
		{9120925E-F9A3-4615-AA16-8F1591A398B9}.AdHoc_Staging|iPhoneSimulator.Build.0 = AdHoc_Staging|Any CPU
		{9120925E-F9A3-4615-AA16-8F1591A398B9}.Ad-Hoc|Any CPU.ActiveCfg = Ad-Hoc|Any CPU
		{9120925E-F9A3-4615-AA16-8F1591A398B9}.Ad-Hoc|Any CPU.Build.0 = Ad-Hoc|Any CPU
		{9120925E-F9A3-4615-AA16-8F1591A398B9}.Ad-Hoc|iPhone.ActiveCfg = Ad-Hoc|Any CPU
		{9120925E-F9A3-4615-AA16-8F1591A398B9}.Ad-Hoc|iPhone.Build.0 = Ad-Hoc|Any CPU
		{9120925E-F9A3-4615-AA16-8F1591A398B9}.Ad-Hoc|iPhoneSimulator.ActiveCfg = Ad-Hoc|Any CPU
		{9120925E-F9A3-4615-AA16-8F1591A398B9}.Ad-Hoc|iPhoneSimulator.Build.0 = Ad-Hoc|Any CPU
		{9120925E-F9A3-4615-AA16-8F1591A398B9}.AppStore|Any CPU.ActiveCfg = AppStore|Any CPU
		{9120925E-F9A3-4615-AA16-8F1591A398B9}.AppStore|Any CPU.Build.0 = AppStore|Any CPU
		{9120925E-F9A3-4615-AA16-8F1591A398B9}.AppStore|iPhone.ActiveCfg = AppStore|Any CPU
		{9120925E-F9A3-4615-AA16-8F1591A398B9}.AppStore|iPhone.Build.0 = AppStore|Any CPU
		{9120925E-F9A3-4615-AA16-8F1591A398B9}.AppStore|iPhoneSimulator.ActiveCfg = AppStore|Any CPU
		{9120925E-F9A3-4615-AA16-8F1591A398B9}.AppStore|iPhoneSimulator.Build.0 = AppStore|Any CPU
		{9120925E-F9A3-4615-AA16-8F1591A398B9}.Debug|Any CPU.ActiveCfg = Debug|Any CPU
		{9120925E-F9A3-4615-AA16-8F1591A398B9}.Debug|Any CPU.Build.0 = Debug|Any CPU
		{9120925E-F9A3-4615-AA16-8F1591A398B9}.Debug|iPhone.ActiveCfg = Debug|Any CPU
		{9120925E-F9A3-4615-AA16-8F1591A398B9}.Debug|iPhone.Build.0 = Debug|Any CPU
		{9120925E-F9A3-4615-AA16-8F1591A398B9}.Debug|iPhoneSimulator.ActiveCfg = Debug|Any CPU
		{9120925E-F9A3-4615-AA16-8F1591A398B9}.Debug|iPhoneSimulator.Build.0 = Debug|Any CPU
		{9120925E-F9A3-4615-AA16-8F1591A398B9}.Release|Any CPU.ActiveCfg = Release|Any CPU
		{9120925E-F9A3-4615-AA16-8F1591A398B9}.Release|Any CPU.Build.0 = Release|Any CPU
		{9120925E-F9A3-4615-AA16-8F1591A398B9}.Release|iPhone.ActiveCfg = Release|Any CPU
		{9120925E-F9A3-4615-AA16-8F1591A398B9}.Release|iPhone.Build.0 = Release|Any CPU
		{9120925E-F9A3-4615-AA16-8F1591A398B9}.Release|iPhoneSimulator.ActiveCfg = Release|Any CPU
		{9120925E-F9A3-4615-AA16-8F1591A398B9}.Release|iPhoneSimulator.Build.0 = Release|Any CPU
		{9120925E-F9A3-4615-AA16-8F1591A398B9}.PlayStore|Any CPU.ActiveCfg = Release|Any CPU
		{9120925E-F9A3-4615-AA16-8F1591A398B9}.PlayStore|Any CPU.Build.0 = Release|Any CPU
		{9120925E-F9A3-4615-AA16-8F1591A398B9}.Android-PQA|Any CPU.ActiveCfg = Release|Any CPU
		{9120925E-F9A3-4615-AA16-8F1591A398B9}.Android-PQA|Any CPU.Build.0 = Release|Any CPU
		{9120925E-F9A3-4615-AA16-8F1591A398B9}.Android-PROD|Any CPU.ActiveCfg = Release|Any CPU
		{9120925E-F9A3-4615-AA16-8F1591A398B9}.Android-PROD|Any CPU.Build.0 = Release|Any CPU
		{9120925E-F9A3-4615-AA16-8F1591A398B9}.AdHoc-PQA|Any CPU.ActiveCfg = Release|Any CPU
		{9120925E-F9A3-4615-AA16-8F1591A398B9}.AdHoc-PQA|Any CPU.Build.0 = Release|Any CPU
		{9120925E-F9A3-4615-AA16-8F1591A398B9}.AdHoc-PROD|Any CPU.ActiveCfg = Release|Any CPU
		{9120925E-F9A3-4615-AA16-8F1591A398B9}.AdHoc-PROD|Any CPU.Build.0 = Release|Any CPU
		{C2EBA9BF-50E9-4C56-A027-AFBCE38452C2}.AdHoc_PQA|Any CPU.ActiveCfg = AdHoc_PQA|Any CPU
		{C2EBA9BF-50E9-4C56-A027-AFBCE38452C2}.AdHoc_PQA|Any CPU.Build.0 = AdHoc_PQA|Any CPU
		{C2EBA9BF-50E9-4C56-A027-AFBCE38452C2}.AdHoc_PQA|iPhone.ActiveCfg = AdHoc_PQA|Any CPU
		{C2EBA9BF-50E9-4C56-A027-AFBCE38452C2}.AdHoc_PQA|iPhone.Build.0 = AdHoc_PQA|Any CPU
		{C2EBA9BF-50E9-4C56-A027-AFBCE38452C2}.AdHoc_PQA|iPhoneSimulator.ActiveCfg = AdHoc_PQA|Any CPU
		{C2EBA9BF-50E9-4C56-A027-AFBCE38452C2}.AdHoc_PQA|iPhoneSimulator.Build.0 = AdHoc_PQA|Any CPU
		{C2EBA9BF-50E9-4C56-A027-AFBCE38452C2}.AdHoc_PROD|Any CPU.ActiveCfg = AdHoc_PROD|Any CPU
		{C2EBA9BF-50E9-4C56-A027-AFBCE38452C2}.AdHoc_PROD|Any CPU.Build.0 = AdHoc_PROD|Any CPU
		{C2EBA9BF-50E9-4C56-A027-AFBCE38452C2}.AdHoc_PROD|iPhone.ActiveCfg = AdHoc_PROD|Any CPU
		{C2EBA9BF-50E9-4C56-A027-AFBCE38452C2}.AdHoc_PROD|iPhone.Build.0 = AdHoc_PROD|Any CPU
		{C2EBA9BF-50E9-4C56-A027-AFBCE38452C2}.AdHoc_PROD|iPhoneSimulator.ActiveCfg = AdHoc_PROD|Any CPU
		{C2EBA9BF-50E9-4C56-A027-AFBCE38452C2}.AdHoc_PROD|iPhoneSimulator.Build.0 = AdHoc_PROD|Any CPU
		{C2EBA9BF-50E9-4C56-A027-AFBCE38452C2}.AdHoc_QA|Any CPU.ActiveCfg = AdHoc_QA|Any CPU
		{C2EBA9BF-50E9-4C56-A027-AFBCE38452C2}.AdHoc_QA|Any CPU.Build.0 = AdHoc_QA|Any CPU
		{C2EBA9BF-50E9-4C56-A027-AFBCE38452C2}.AdHoc_QA|iPhone.ActiveCfg = AdHoc_QA|Any CPU
		{C2EBA9BF-50E9-4C56-A027-AFBCE38452C2}.AdHoc_QA|iPhone.Build.0 = AdHoc_QA|Any CPU
		{C2EBA9BF-50E9-4C56-A027-AFBCE38452C2}.AdHoc_QA|iPhoneSimulator.ActiveCfg = AdHoc_QA|Any CPU
		{C2EBA9BF-50E9-4C56-A027-AFBCE38452C2}.AdHoc_QA|iPhoneSimulator.Build.0 = AdHoc_QA|Any CPU
		{C2EBA9BF-50E9-4C56-A027-AFBCE38452C2}.AdHoc_Staging|Any CPU.ActiveCfg = AdHoc_Staging|Any CPU
		{C2EBA9BF-50E9-4C56-A027-AFBCE38452C2}.AdHoc_Staging|Any CPU.Build.0 = AdHoc_Staging|Any CPU
		{C2EBA9BF-50E9-4C56-A027-AFBCE38452C2}.AdHoc_Staging|iPhone.ActiveCfg = AdHoc_Staging|Any CPU
		{C2EBA9BF-50E9-4C56-A027-AFBCE38452C2}.AdHoc_Staging|iPhone.Build.0 = AdHoc_Staging|Any CPU
		{C2EBA9BF-50E9-4C56-A027-AFBCE38452C2}.AdHoc_Staging|iPhoneSimulator.ActiveCfg = AdHoc_Staging|Any CPU
		{C2EBA9BF-50E9-4C56-A027-AFBCE38452C2}.AdHoc_Staging|iPhoneSimulator.Build.0 = AdHoc_Staging|Any CPU
		{C2EBA9BF-50E9-4C56-A027-AFBCE38452C2}.Ad-Hoc|Any CPU.ActiveCfg = Ad-Hoc|Any CPU
		{C2EBA9BF-50E9-4C56-A027-AFBCE38452C2}.Ad-Hoc|Any CPU.Build.0 = Ad-Hoc|Any CPU
		{C2EBA9BF-50E9-4C56-A027-AFBCE38452C2}.Ad-Hoc|iPhone.ActiveCfg = Ad-Hoc|Any CPU
		{C2EBA9BF-50E9-4C56-A027-AFBCE38452C2}.Ad-Hoc|iPhone.Build.0 = Ad-Hoc|Any CPU
		{C2EBA9BF-50E9-4C56-A027-AFBCE38452C2}.Ad-Hoc|iPhoneSimulator.ActiveCfg = Ad-Hoc|Any CPU
		{C2EBA9BF-50E9-4C56-A027-AFBCE38452C2}.Ad-Hoc|iPhoneSimulator.Build.0 = Ad-Hoc|Any CPU
		{C2EBA9BF-50E9-4C56-A027-AFBCE38452C2}.AppStore|Any CPU.ActiveCfg = AppStore|Any CPU
		{C2EBA9BF-50E9-4C56-A027-AFBCE38452C2}.AppStore|Any CPU.Build.0 = AppStore|Any CPU
		{C2EBA9BF-50E9-4C56-A027-AFBCE38452C2}.AppStore|iPhone.ActiveCfg = AppStore|Any CPU
		{C2EBA9BF-50E9-4C56-A027-AFBCE38452C2}.AppStore|iPhone.Build.0 = AppStore|Any CPU
		{C2EBA9BF-50E9-4C56-A027-AFBCE38452C2}.AppStore|iPhoneSimulator.ActiveCfg = AppStore|Any CPU
		{C2EBA9BF-50E9-4C56-A027-AFBCE38452C2}.AppStore|iPhoneSimulator.Build.0 = AppStore|Any CPU
		{C2EBA9BF-50E9-4C56-A027-AFBCE38452C2}.Debug|Any CPU.ActiveCfg = Debug|Any CPU
		{C2EBA9BF-50E9-4C56-A027-AFBCE38452C2}.Debug|Any CPU.Build.0 = Debug|Any CPU
		{C2EBA9BF-50E9-4C56-A027-AFBCE38452C2}.Debug|iPhone.ActiveCfg = Debug|Any CPU
		{C2EBA9BF-50E9-4C56-A027-AFBCE38452C2}.Debug|iPhone.Build.0 = Debug|Any CPU
		{C2EBA9BF-50E9-4C56-A027-AFBCE38452C2}.Debug|iPhoneSimulator.ActiveCfg = Debug|Any CPU
		{C2EBA9BF-50E9-4C56-A027-AFBCE38452C2}.Debug|iPhoneSimulator.Build.0 = Debug|Any CPU
		{C2EBA9BF-50E9-4C56-A027-AFBCE38452C2}.Release|Any CPU.ActiveCfg = Release|Any CPU
		{C2EBA9BF-50E9-4C56-A027-AFBCE38452C2}.Release|Any CPU.Build.0 = Release|Any CPU
		{C2EBA9BF-50E9-4C56-A027-AFBCE38452C2}.Release|iPhone.ActiveCfg = Release|Any CPU
		{C2EBA9BF-50E9-4C56-A027-AFBCE38452C2}.Release|iPhone.Build.0 = Release|Any CPU
		{C2EBA9BF-50E9-4C56-A027-AFBCE38452C2}.Release|iPhoneSimulator.ActiveCfg = Release|Any CPU
		{C2EBA9BF-50E9-4C56-A027-AFBCE38452C2}.Release|iPhoneSimulator.Build.0 = Release|Any CPU
		{C2EBA9BF-50E9-4C56-A027-AFBCE38452C2}.PlayStore|Any CPU.ActiveCfg = Debug|Any CPU
		{C2EBA9BF-50E9-4C56-A027-AFBCE38452C2}.PlayStore|Any CPU.Build.0 = Debug|Any CPU
		{C2EBA9BF-50E9-4C56-A027-AFBCE38452C2}.Android-PQA|Any CPU.ActiveCfg = Debug|Any CPU
		{C2EBA9BF-50E9-4C56-A027-AFBCE38452C2}.Android-PQA|Any CPU.Build.0 = Debug|Any CPU
		{C2EBA9BF-50E9-4C56-A027-AFBCE38452C2}.Android-PROD|Any CPU.ActiveCfg = Debug|Any CPU
		{C2EBA9BF-50E9-4C56-A027-AFBCE38452C2}.Android-PROD|Any CPU.Build.0 = Debug|Any CPU
		{C2EBA9BF-50E9-4C56-A027-AFBCE38452C2}.AdHoc-PQA|Any CPU.ActiveCfg = Debug|Any CPU
		{C2EBA9BF-50E9-4C56-A027-AFBCE38452C2}.AdHoc-PQA|Any CPU.Build.0 = Debug|Any CPU
		{C2EBA9BF-50E9-4C56-A027-AFBCE38452C2}.AdHoc-PROD|Any CPU.ActiveCfg = Debug|Any CPU
		{C2EBA9BF-50E9-4C56-A027-AFBCE38452C2}.AdHoc-PROD|Any CPU.Build.0 = Debug|Any CPU
		{1589B934-3815-4FAF-B7D1-9CD9F086A207}.AdHoc_PQA|Any CPU.ActiveCfg = AdHoc_PQA|Any CPU
		{1589B934-3815-4FAF-B7D1-9CD9F086A207}.AdHoc_PQA|Any CPU.Build.0 = AdHoc_PQA|Any CPU
		{1589B934-3815-4FAF-B7D1-9CD9F086A207}.AdHoc_PQA|iPhone.ActiveCfg = AdHoc_PQA|Any CPU
		{1589B934-3815-4FAF-B7D1-9CD9F086A207}.AdHoc_PQA|iPhone.Build.0 = AdHoc_PQA|Any CPU
		{1589B934-3815-4FAF-B7D1-9CD9F086A207}.AdHoc_PQA|iPhoneSimulator.ActiveCfg = AdHoc_PQA|Any CPU
		{1589B934-3815-4FAF-B7D1-9CD9F086A207}.AdHoc_PQA|iPhoneSimulator.Build.0 = AdHoc_PQA|Any CPU
		{1589B934-3815-4FAF-B7D1-9CD9F086A207}.AdHoc_PROD|Any CPU.ActiveCfg = AdHoc_PROD|Any CPU
		{1589B934-3815-4FAF-B7D1-9CD9F086A207}.AdHoc_PROD|Any CPU.Build.0 = AdHoc_PROD|Any CPU
		{1589B934-3815-4FAF-B7D1-9CD9F086A207}.AdHoc_PROD|iPhone.ActiveCfg = AdHoc_PROD|Any CPU
		{1589B934-3815-4FAF-B7D1-9CD9F086A207}.AdHoc_PROD|iPhone.Build.0 = AdHoc_PROD|Any CPU
		{1589B934-3815-4FAF-B7D1-9CD9F086A207}.AdHoc_PROD|iPhoneSimulator.ActiveCfg = AdHoc_PROD|Any CPU
		{1589B934-3815-4FAF-B7D1-9CD9F086A207}.AdHoc_PROD|iPhoneSimulator.Build.0 = AdHoc_PROD|Any CPU
		{1589B934-3815-4FAF-B7D1-9CD9F086A207}.AdHoc_QA|Any CPU.ActiveCfg = AdHoc_QA|Any CPU
		{1589B934-3815-4FAF-B7D1-9CD9F086A207}.AdHoc_QA|Any CPU.Build.0 = AdHoc_QA|Any CPU
		{1589B934-3815-4FAF-B7D1-9CD9F086A207}.AdHoc_QA|iPhone.ActiveCfg = AdHoc_QA|Any CPU
		{1589B934-3815-4FAF-B7D1-9CD9F086A207}.AdHoc_QA|iPhone.Build.0 = AdHoc_QA|Any CPU
		{1589B934-3815-4FAF-B7D1-9CD9F086A207}.AdHoc_QA|iPhoneSimulator.ActiveCfg = AdHoc_QA|Any CPU
		{1589B934-3815-4FAF-B7D1-9CD9F086A207}.AdHoc_QA|iPhoneSimulator.Build.0 = AdHoc_QA|Any CPU
		{1589B934-3815-4FAF-B7D1-9CD9F086A207}.AdHoc_Staging|Any CPU.ActiveCfg = AdHoc_Staging|Any CPU
		{1589B934-3815-4FAF-B7D1-9CD9F086A207}.AdHoc_Staging|Any CPU.Build.0 = AdHoc_Staging|Any CPU
		{1589B934-3815-4FAF-B7D1-9CD9F086A207}.AdHoc_Staging|iPhone.ActiveCfg = AdHoc_Staging|Any CPU
		{1589B934-3815-4FAF-B7D1-9CD9F086A207}.AdHoc_Staging|iPhone.Build.0 = AdHoc_Staging|Any CPU
		{1589B934-3815-4FAF-B7D1-9CD9F086A207}.AdHoc_Staging|iPhoneSimulator.ActiveCfg = AdHoc_Staging|Any CPU
		{1589B934-3815-4FAF-B7D1-9CD9F086A207}.AdHoc_Staging|iPhoneSimulator.Build.0 = AdHoc_Staging|Any CPU
		{1589B934-3815-4FAF-B7D1-9CD9F086A207}.Ad-Hoc|Any CPU.ActiveCfg = Ad-Hoc|Any CPU
		{1589B934-3815-4FAF-B7D1-9CD9F086A207}.Ad-Hoc|Any CPU.Build.0 = Ad-Hoc|Any CPU
		{1589B934-3815-4FAF-B7D1-9CD9F086A207}.Ad-Hoc|iPhone.ActiveCfg = Ad-Hoc|Any CPU
		{1589B934-3815-4FAF-B7D1-9CD9F086A207}.Ad-Hoc|iPhone.Build.0 = Ad-Hoc|Any CPU
		{1589B934-3815-4FAF-B7D1-9CD9F086A207}.Ad-Hoc|iPhoneSimulator.ActiveCfg = Ad-Hoc|Any CPU
		{1589B934-3815-4FAF-B7D1-9CD9F086A207}.Ad-Hoc|iPhoneSimulator.Build.0 = Ad-Hoc|Any CPU
		{1589B934-3815-4FAF-B7D1-9CD9F086A207}.AppStore|Any CPU.ActiveCfg = AppStore|Any CPU
		{1589B934-3815-4FAF-B7D1-9CD9F086A207}.AppStore|Any CPU.Build.0 = AppStore|Any CPU
		{1589B934-3815-4FAF-B7D1-9CD9F086A207}.AppStore|iPhone.ActiveCfg = AppStore|Any CPU
		{1589B934-3815-4FAF-B7D1-9CD9F086A207}.AppStore|iPhone.Build.0 = AppStore|Any CPU
		{1589B934-3815-4FAF-B7D1-9CD9F086A207}.AppStore|iPhoneSimulator.ActiveCfg = AppStore|Any CPU
		{1589B934-3815-4FAF-B7D1-9CD9F086A207}.AppStore|iPhoneSimulator.Build.0 = AppStore|Any CPU
		{1589B934-3815-4FAF-B7D1-9CD9F086A207}.Debug|Any CPU.ActiveCfg = Debug|Any CPU
		{1589B934-3815-4FAF-B7D1-9CD9F086A207}.Debug|Any CPU.Build.0 = Debug|Any CPU
		{1589B934-3815-4FAF-B7D1-9CD9F086A207}.Debug|iPhone.ActiveCfg = Debug|Any CPU
		{1589B934-3815-4FAF-B7D1-9CD9F086A207}.Debug|iPhone.Build.0 = Debug|Any CPU
		{1589B934-3815-4FAF-B7D1-9CD9F086A207}.Debug|iPhoneSimulator.ActiveCfg = Debug|Any CPU
		{1589B934-3815-4FAF-B7D1-9CD9F086A207}.Debug|iPhoneSimulator.Build.0 = Debug|Any CPU
		{1589B934-3815-4FAF-B7D1-9CD9F086A207}.Release|Any CPU.ActiveCfg = Release|Any CPU
		{1589B934-3815-4FAF-B7D1-9CD9F086A207}.Release|Any CPU.Build.0 = Release|Any CPU
		{1589B934-3815-4FAF-B7D1-9CD9F086A207}.Release|iPhone.ActiveCfg = Release|Any CPU
		{1589B934-3815-4FAF-B7D1-9CD9F086A207}.Release|iPhone.Build.0 = Release|Any CPU
		{1589B934-3815-4FAF-B7D1-9CD9F086A207}.Release|iPhoneSimulator.ActiveCfg = Release|Any CPU
		{1589B934-3815-4FAF-B7D1-9CD9F086A207}.Release|iPhoneSimulator.Build.0 = Release|Any CPU
		{1589B934-3815-4FAF-B7D1-9CD9F086A207}.PlayStore|Any CPU.ActiveCfg = Debug|Any CPU
		{1589B934-3815-4FAF-B7D1-9CD9F086A207}.PlayStore|Any CPU.Build.0 = Debug|Any CPU
		{1589B934-3815-4FAF-B7D1-9CD9F086A207}.Android-PQA|Any CPU.ActiveCfg = Debug|Any CPU
		{1589B934-3815-4FAF-B7D1-9CD9F086A207}.Android-PQA|Any CPU.Build.0 = Debug|Any CPU
		{1589B934-3815-4FAF-B7D1-9CD9F086A207}.Android-PROD|Any CPU.ActiveCfg = Debug|Any CPU
		{1589B934-3815-4FAF-B7D1-9CD9F086A207}.Android-PROD|Any CPU.Build.0 = Debug|Any CPU
		{1589B934-3815-4FAF-B7D1-9CD9F086A207}.AdHoc-PQA|Any CPU.ActiveCfg = Debug|Any CPU
		{1589B934-3815-4FAF-B7D1-9CD9F086A207}.AdHoc-PQA|Any CPU.Build.0 = Debug|Any CPU
		{1589B934-3815-4FAF-B7D1-9CD9F086A207}.AdHoc-PROD|Any CPU.ActiveCfg = Debug|Any CPU
		{1589B934-3815-4FAF-B7D1-9CD9F086A207}.AdHoc-PROD|Any CPU.Build.0 = Debug|Any CPU
		{9AAD936D-3249-4C10-A078-5ED939BAF008}.AdHoc_PQA|Any CPU.ActiveCfg = AdHoc_PQA|Any CPU
		{9AAD936D-3249-4C10-A078-5ED939BAF008}.AdHoc_PQA|Any CPU.Build.0 = AdHoc_PQA|Any CPU
		{9AAD936D-3249-4C10-A078-5ED939BAF008}.AdHoc_PQA|iPhone.ActiveCfg = AdHoc_PQA|Any CPU
		{9AAD936D-3249-4C10-A078-5ED939BAF008}.AdHoc_PQA|iPhone.Build.0 = AdHoc_PQA|Any CPU
		{9AAD936D-3249-4C10-A078-5ED939BAF008}.AdHoc_PQA|iPhoneSimulator.ActiveCfg = AdHoc_PQA|Any CPU
		{9AAD936D-3249-4C10-A078-5ED939BAF008}.AdHoc_PQA|iPhoneSimulator.Build.0 = AdHoc_PQA|Any CPU
		{9AAD936D-3249-4C10-A078-5ED939BAF008}.AdHoc_PROD|Any CPU.ActiveCfg = AdHoc_PROD|Any CPU
		{9AAD936D-3249-4C10-A078-5ED939BAF008}.AdHoc_PROD|Any CPU.Build.0 = AdHoc_PROD|Any CPU
		{9AAD936D-3249-4C10-A078-5ED939BAF008}.AdHoc_PROD|iPhone.ActiveCfg = AdHoc_PROD|Any CPU
		{9AAD936D-3249-4C10-A078-5ED939BAF008}.AdHoc_PROD|iPhone.Build.0 = AdHoc_PROD|Any CPU
		{9AAD936D-3249-4C10-A078-5ED939BAF008}.AdHoc_PROD|iPhoneSimulator.ActiveCfg = AdHoc_PROD|Any CPU
		{9AAD936D-3249-4C10-A078-5ED939BAF008}.AdHoc_PROD|iPhoneSimulator.Build.0 = AdHoc_PROD|Any CPU
		{9AAD936D-3249-4C10-A078-5ED939BAF008}.AdHoc_QA|Any CPU.ActiveCfg = AdHoc_QA|Any CPU
		{9AAD936D-3249-4C10-A078-5ED939BAF008}.AdHoc_QA|Any CPU.Build.0 = AdHoc_QA|Any CPU
		{9AAD936D-3249-4C10-A078-5ED939BAF008}.AdHoc_QA|iPhone.ActiveCfg = AdHoc_QA|Any CPU
		{9AAD936D-3249-4C10-A078-5ED939BAF008}.AdHoc_QA|iPhone.Build.0 = AdHoc_QA|Any CPU
		{9AAD936D-3249-4C10-A078-5ED939BAF008}.AdHoc_QA|iPhoneSimulator.ActiveCfg = AdHoc_QA|Any CPU
		{9AAD936D-3249-4C10-A078-5ED939BAF008}.AdHoc_QA|iPhoneSimulator.Build.0 = AdHoc_QA|Any CPU
		{9AAD936D-3249-4C10-A078-5ED939BAF008}.AdHoc_Staging|Any CPU.ActiveCfg = AdHoc_Staging|Any CPU
		{9AAD936D-3249-4C10-A078-5ED939BAF008}.AdHoc_Staging|Any CPU.Build.0 = AdHoc_Staging|Any CPU
		{9AAD936D-3249-4C10-A078-5ED939BAF008}.AdHoc_Staging|iPhone.ActiveCfg = AdHoc_Staging|Any CPU
		{9AAD936D-3249-4C10-A078-5ED939BAF008}.AdHoc_Staging|iPhone.Build.0 = AdHoc_Staging|Any CPU
		{9AAD936D-3249-4C10-A078-5ED939BAF008}.AdHoc_Staging|iPhoneSimulator.ActiveCfg = AdHoc_Staging|Any CPU
		{9AAD936D-3249-4C10-A078-5ED939BAF008}.AdHoc_Staging|iPhoneSimulator.Build.0 = AdHoc_Staging|Any CPU
		{9AAD936D-3249-4C10-A078-5ED939BAF008}.Ad-Hoc|Any CPU.ActiveCfg = Debug|Any CPU
		{9AAD936D-3249-4C10-A078-5ED939BAF008}.Ad-Hoc|Any CPU.Build.0 = Debug|Any CPU
		{9AAD936D-3249-4C10-A078-5ED939BAF008}.Ad-Hoc|iPhone.ActiveCfg = Debug|Any CPU
		{9AAD936D-3249-4C10-A078-5ED939BAF008}.Ad-Hoc|iPhone.Build.0 = Debug|Any CPU
		{9AAD936D-3249-4C10-A078-5ED939BAF008}.Ad-Hoc|iPhoneSimulator.ActiveCfg = Release|Any CPU
		{9AAD936D-3249-4C10-A078-5ED939BAF008}.Ad-Hoc|iPhoneSimulator.Build.0 = Release|Any CPU
		{9AAD936D-3249-4C10-A078-5ED939BAF008}.AppStore|Any CPU.ActiveCfg = AppStore|Any CPU
		{9AAD936D-3249-4C10-A078-5ED939BAF008}.AppStore|Any CPU.Build.0 = AppStore|Any CPU
		{9AAD936D-3249-4C10-A078-5ED939BAF008}.AppStore|iPhone.ActiveCfg = AppStore|Any CPU
		{9AAD936D-3249-4C10-A078-5ED939BAF008}.AppStore|iPhone.Build.0 = AppStore|Any CPU
		{9AAD936D-3249-4C10-A078-5ED939BAF008}.AppStore|iPhoneSimulator.ActiveCfg = AppStore|Any CPU
		{9AAD936D-3249-4C10-A078-5ED939BAF008}.AppStore|iPhoneSimulator.Build.0 = AppStore|Any CPU
		{9AAD936D-3249-4C10-A078-5ED939BAF008}.Debug|Any CPU.ActiveCfg = Debug|Any CPU
		{9AAD936D-3249-4C10-A078-5ED939BAF008}.Debug|Any CPU.Build.0 = Debug|Any CPU
		{9AAD936D-3249-4C10-A078-5ED939BAF008}.Debug|iPhone.ActiveCfg = Debug|Any CPU
		{9AAD936D-3249-4C10-A078-5ED939BAF008}.Debug|iPhone.Build.0 = Debug|Any CPU
		{9AAD936D-3249-4C10-A078-5ED939BAF008}.Debug|iPhoneSimulator.ActiveCfg = Debug|Any CPU
		{9AAD936D-3249-4C10-A078-5ED939BAF008}.Debug|iPhoneSimulator.Build.0 = Debug|Any CPU
		{9AAD936D-3249-4C10-A078-5ED939BAF008}.Release|Any CPU.ActiveCfg = Release|Any CPU
		{9AAD936D-3249-4C10-A078-5ED939BAF008}.Release|Any CPU.Build.0 = Release|Any CPU
		{9AAD936D-3249-4C10-A078-5ED939BAF008}.Release|iPhone.ActiveCfg = Release|Any CPU
		{9AAD936D-3249-4C10-A078-5ED939BAF008}.Release|iPhone.Build.0 = Release|Any CPU
		{9AAD936D-3249-4C10-A078-5ED939BAF008}.Release|iPhoneSimulator.ActiveCfg = Release|Any CPU
		{9AAD936D-3249-4C10-A078-5ED939BAF008}.Release|iPhoneSimulator.Build.0 = Release|Any CPU
		{9AAD936D-3249-4C10-A078-5ED939BAF008}.PlayStore|Any CPU.ActiveCfg = Release|Any CPU
		{9AAD936D-3249-4C10-A078-5ED939BAF008}.PlayStore|Any CPU.Build.0 = Release|Any CPU
		{9AAD936D-3249-4C10-A078-5ED939BAF008}.Android-PQA|Any CPU.ActiveCfg = Release|Any CPU
		{9AAD936D-3249-4C10-A078-5ED939BAF008}.Android-PQA|Any CPU.Build.0 = Release|Any CPU
		{9AAD936D-3249-4C10-A078-5ED939BAF008}.Android-PROD|Any CPU.ActiveCfg = Release|Any CPU
		{9AAD936D-3249-4C10-A078-5ED939BAF008}.Android-PROD|Any CPU.Build.0 = Release|Any CPU
		{9AAD936D-3249-4C10-A078-5ED939BAF008}.AdHoc-PQA|Any CPU.ActiveCfg = Release|Any CPU
		{9AAD936D-3249-4C10-A078-5ED939BAF008}.AdHoc-PQA|Any CPU.Build.0 = Release|Any CPU
		{9AAD936D-3249-4C10-A078-5ED939BAF008}.AdHoc-PROD|Any CPU.ActiveCfg = Release|Any CPU
		{9AAD936D-3249-4C10-A078-5ED939BAF008}.AdHoc-PROD|Any CPU.Build.0 = Release|Any CPU
		{9DDB5E56-A02B-4904-969C-F81734A5BD0B}.AdHoc_PQA|Any CPU.ActiveCfg = AdHoc_PQA|Any CPU
		{9DDB5E56-A02B-4904-969C-F81734A5BD0B}.AdHoc_PQA|Any CPU.Build.0 = AdHoc_PQA|Any CPU
		{9DDB5E56-A02B-4904-969C-F81734A5BD0B}.AdHoc_PQA|iPhone.ActiveCfg = AdHoc_PQA|Any CPU
		{9DDB5E56-A02B-4904-969C-F81734A5BD0B}.AdHoc_PQA|iPhone.Build.0 = AdHoc_PQA|Any CPU
		{9DDB5E56-A02B-4904-969C-F81734A5BD0B}.AdHoc_PQA|iPhoneSimulator.ActiveCfg = AdHoc_PQA|Any CPU
		{9DDB5E56-A02B-4904-969C-F81734A5BD0B}.AdHoc_PQA|iPhoneSimulator.Build.0 = AdHoc_PQA|Any CPU
		{9DDB5E56-A02B-4904-969C-F81734A5BD0B}.AdHoc_PROD|Any CPU.ActiveCfg = AdHoc_PROD|Any CPU
		{9DDB5E56-A02B-4904-969C-F81734A5BD0B}.AdHoc_PROD|Any CPU.Build.0 = AdHoc_PROD|Any CPU
		{9DDB5E56-A02B-4904-969C-F81734A5BD0B}.AdHoc_PROD|iPhone.ActiveCfg = AdHoc_PROD|Any CPU
		{9DDB5E56-A02B-4904-969C-F81734A5BD0B}.AdHoc_PROD|iPhone.Build.0 = AdHoc_PROD|Any CPU
		{9DDB5E56-A02B-4904-969C-F81734A5BD0B}.AdHoc_PROD|iPhoneSimulator.ActiveCfg = AdHoc_PROD|Any CPU
		{9DDB5E56-A02B-4904-969C-F81734A5BD0B}.AdHoc_PROD|iPhoneSimulator.Build.0 = AdHoc_PROD|Any CPU
		{9DDB5E56-A02B-4904-969C-F81734A5BD0B}.AdHoc_QA|Any CPU.ActiveCfg = AdHoc_QA|Any CPU
		{9DDB5E56-A02B-4904-969C-F81734A5BD0B}.AdHoc_QA|Any CPU.Build.0 = AdHoc_QA|Any CPU
		{9DDB5E56-A02B-4904-969C-F81734A5BD0B}.AdHoc_QA|iPhone.ActiveCfg = AdHoc_QA|Any CPU
		{9DDB5E56-A02B-4904-969C-F81734A5BD0B}.AdHoc_QA|iPhone.Build.0 = AdHoc_QA|Any CPU
		{9DDB5E56-A02B-4904-969C-F81734A5BD0B}.AdHoc_QA|iPhoneSimulator.ActiveCfg = AdHoc_QA|Any CPU
		{9DDB5E56-A02B-4904-969C-F81734A5BD0B}.AdHoc_QA|iPhoneSimulator.Build.0 = AdHoc_QA|Any CPU
		{9DDB5E56-A02B-4904-969C-F81734A5BD0B}.AdHoc_Staging|Any CPU.ActiveCfg = AdHoc_Staging|Any CPU
		{9DDB5E56-A02B-4904-969C-F81734A5BD0B}.AdHoc_Staging|Any CPU.Build.0 = AdHoc_Staging|Any CPU
		{9DDB5E56-A02B-4904-969C-F81734A5BD0B}.AdHoc_Staging|iPhone.ActiveCfg = AdHoc_Staging|Any CPU
		{9DDB5E56-A02B-4904-969C-F81734A5BD0B}.AdHoc_Staging|iPhone.Build.0 = AdHoc_Staging|Any CPU
		{9DDB5E56-A02B-4904-969C-F81734A5BD0B}.AdHoc_Staging|iPhoneSimulator.ActiveCfg = AdHoc_Staging|Any CPU
		{9DDB5E56-A02B-4904-969C-F81734A5BD0B}.AdHoc_Staging|iPhoneSimulator.Build.0 = AdHoc_Staging|Any CPU
		{9DDB5E56-A02B-4904-969C-F81734A5BD0B}.Ad-Hoc|Any CPU.ActiveCfg = Ad-Hoc|Any CPU
		{9DDB5E56-A02B-4904-969C-F81734A5BD0B}.Ad-Hoc|Any CPU.Build.0 = Ad-Hoc|Any CPU
		{9DDB5E56-A02B-4904-969C-F81734A5BD0B}.Ad-Hoc|iPhone.ActiveCfg = Ad-Hoc|Any CPU
		{9DDB5E56-A02B-4904-969C-F81734A5BD0B}.Ad-Hoc|iPhone.Build.0 = Ad-Hoc|Any CPU
		{9DDB5E56-A02B-4904-969C-F81734A5BD0B}.Ad-Hoc|iPhoneSimulator.ActiveCfg = Ad-Hoc|Any CPU
		{9DDB5E56-A02B-4904-969C-F81734A5BD0B}.Ad-Hoc|iPhoneSimulator.Build.0 = Ad-Hoc|Any CPU
		{9DDB5E56-A02B-4904-969C-F81734A5BD0B}.AppStore|Any CPU.ActiveCfg = AppStore|Any CPU
		{9DDB5E56-A02B-4904-969C-F81734A5BD0B}.AppStore|Any CPU.Build.0 = AppStore|Any CPU
		{9DDB5E56-A02B-4904-969C-F81734A5BD0B}.AppStore|iPhone.ActiveCfg = AppStore|Any CPU
		{9DDB5E56-A02B-4904-969C-F81734A5BD0B}.AppStore|iPhone.Build.0 = AppStore|Any CPU
		{9DDB5E56-A02B-4904-969C-F81734A5BD0B}.AppStore|iPhoneSimulator.ActiveCfg = AppStore|Any CPU
		{9DDB5E56-A02B-4904-969C-F81734A5BD0B}.AppStore|iPhoneSimulator.Build.0 = AppStore|Any CPU
		{9DDB5E56-A02B-4904-969C-F81734A5BD0B}.Debug|Any CPU.ActiveCfg = Debug|Any CPU
		{9DDB5E56-A02B-4904-969C-F81734A5BD0B}.Debug|Any CPU.Build.0 = Debug|Any CPU
		{9DDB5E56-A02B-4904-969C-F81734A5BD0B}.Debug|iPhone.ActiveCfg = Debug|Any CPU
		{9DDB5E56-A02B-4904-969C-F81734A5BD0B}.Debug|iPhone.Build.0 = Debug|Any CPU
		{9DDB5E56-A02B-4904-969C-F81734A5BD0B}.Debug|iPhoneSimulator.ActiveCfg = Debug|Any CPU
		{9DDB5E56-A02B-4904-969C-F81734A5BD0B}.Debug|iPhoneSimulator.Build.0 = Debug|Any CPU
		{9DDB5E56-A02B-4904-969C-F81734A5BD0B}.Release|Any CPU.ActiveCfg = Release|Any CPU
		{9DDB5E56-A02B-4904-969C-F81734A5BD0B}.Release|Any CPU.Build.0 = Release|Any CPU
		{9DDB5E56-A02B-4904-969C-F81734A5BD0B}.Release|iPhone.ActiveCfg = Release|Any CPU
		{9DDB5E56-A02B-4904-969C-F81734A5BD0B}.Release|iPhone.Build.0 = Release|Any CPU
		{9DDB5E56-A02B-4904-969C-F81734A5BD0B}.Release|iPhoneSimulator.ActiveCfg = Release|Any CPU
		{9DDB5E56-A02B-4904-969C-F81734A5BD0B}.Release|iPhoneSimulator.Build.0 = Release|Any CPU
		{9DDB5E56-A02B-4904-969C-F81734A5BD0B}.PlayStore|Any CPU.ActiveCfg = Release|Any CPU
		{9DDB5E56-A02B-4904-969C-F81734A5BD0B}.PlayStore|Any CPU.Build.0 = Release|Any CPU
		{9DDB5E56-A02B-4904-969C-F81734A5BD0B}.Android-PQA|Any CPU.ActiveCfg = Release|Any CPU
		{9DDB5E56-A02B-4904-969C-F81734A5BD0B}.Android-PQA|Any CPU.Build.0 = Release|Any CPU
		{9DDB5E56-A02B-4904-969C-F81734A5BD0B}.Android-PROD|Any CPU.ActiveCfg = Release|Any CPU
		{9DDB5E56-A02B-4904-969C-F81734A5BD0B}.Android-PROD|Any CPU.Build.0 = Release|Any CPU
		{9DDB5E56-A02B-4904-969C-F81734A5BD0B}.AdHoc-PQA|Any CPU.ActiveCfg = Release|Any CPU
		{9DDB5E56-A02B-4904-969C-F81734A5BD0B}.AdHoc-PQA|Any CPU.Build.0 = Release|Any CPU
		{9DDB5E56-A02B-4904-969C-F81734A5BD0B}.AdHoc-PROD|Any CPU.ActiveCfg = Release|Any CPU
		{9DDB5E56-A02B-4904-969C-F81734A5BD0B}.AdHoc-PROD|Any CPU.Build.0 = Release|Any CPU
		{A14CEE7B-122F-445F-BE22-BFCDE6CB0934}.AdHoc_PQA|Any CPU.ActiveCfg = AdHoc_PQA|Any CPU
		{A14CEE7B-122F-445F-BE22-BFCDE6CB0934}.AdHoc_PQA|Any CPU.Build.0 = AdHoc_PQA|Any CPU
		{A14CEE7B-122F-445F-BE22-BFCDE6CB0934}.AdHoc_PQA|iPhone.ActiveCfg = AdHoc_PQA|Any CPU
		{A14CEE7B-122F-445F-BE22-BFCDE6CB0934}.AdHoc_PQA|iPhone.Build.0 = AdHoc_PQA|Any CPU
		{A14CEE7B-122F-445F-BE22-BFCDE6CB0934}.AdHoc_PQA|iPhoneSimulator.ActiveCfg = AdHoc_PQA|Any CPU
		{A14CEE7B-122F-445F-BE22-BFCDE6CB0934}.AdHoc_PQA|iPhoneSimulator.Build.0 = AdHoc_PQA|Any CPU
		{A14CEE7B-122F-445F-BE22-BFCDE6CB0934}.AdHoc_PROD|Any CPU.ActiveCfg = AdHoc_PROD|Any CPU
		{A14CEE7B-122F-445F-BE22-BFCDE6CB0934}.AdHoc_PROD|Any CPU.Build.0 = AdHoc_PROD|Any CPU
		{A14CEE7B-122F-445F-BE22-BFCDE6CB0934}.AdHoc_PROD|iPhone.ActiveCfg = AdHoc_PROD|Any CPU
		{A14CEE7B-122F-445F-BE22-BFCDE6CB0934}.AdHoc_PROD|iPhone.Build.0 = AdHoc_PROD|Any CPU
		{A14CEE7B-122F-445F-BE22-BFCDE6CB0934}.AdHoc_PROD|iPhoneSimulator.ActiveCfg = AdHoc_PROD|Any CPU
		{A14CEE7B-122F-445F-BE22-BFCDE6CB0934}.AdHoc_PROD|iPhoneSimulator.Build.0 = AdHoc_PROD|Any CPU
		{A14CEE7B-122F-445F-BE22-BFCDE6CB0934}.AdHoc_QA|Any CPU.ActiveCfg = AdHoc_QA|Any CPU
		{A14CEE7B-122F-445F-BE22-BFCDE6CB0934}.AdHoc_QA|Any CPU.Build.0 = AdHoc_QA|Any CPU
		{A14CEE7B-122F-445F-BE22-BFCDE6CB0934}.AdHoc_QA|iPhone.ActiveCfg = AdHoc_QA|Any CPU
		{A14CEE7B-122F-445F-BE22-BFCDE6CB0934}.AdHoc_QA|iPhone.Build.0 = AdHoc_QA|Any CPU
		{A14CEE7B-122F-445F-BE22-BFCDE6CB0934}.AdHoc_QA|iPhoneSimulator.ActiveCfg = AdHoc_QA|Any CPU
		{A14CEE7B-122F-445F-BE22-BFCDE6CB0934}.AdHoc_QA|iPhoneSimulator.Build.0 = AdHoc_QA|Any CPU
		{A14CEE7B-122F-445F-BE22-BFCDE6CB0934}.AdHoc_Staging|Any CPU.ActiveCfg = AdHoc_Staging|Any CPU
		{A14CEE7B-122F-445F-BE22-BFCDE6CB0934}.AdHoc_Staging|Any CPU.Build.0 = AdHoc_Staging|Any CPU
		{A14CEE7B-122F-445F-BE22-BFCDE6CB0934}.AdHoc_Staging|iPhone.ActiveCfg = AdHoc_Staging|Any CPU
		{A14CEE7B-122F-445F-BE22-BFCDE6CB0934}.AdHoc_Staging|iPhone.Build.0 = AdHoc_Staging|Any CPU
		{A14CEE7B-122F-445F-BE22-BFCDE6CB0934}.AdHoc_Staging|iPhoneSimulator.ActiveCfg = AdHoc_Staging|Any CPU
		{A14CEE7B-122F-445F-BE22-BFCDE6CB0934}.AdHoc_Staging|iPhoneSimulator.Build.0 = AdHoc_Staging|Any CPU
		{A14CEE7B-122F-445F-BE22-BFCDE6CB0934}.Ad-Hoc|Any CPU.ActiveCfg = Ad-Hoc|Any CPU
		{A14CEE7B-122F-445F-BE22-BFCDE6CB0934}.Ad-Hoc|Any CPU.Build.0 = Ad-Hoc|Any CPU
		{A14CEE7B-122F-445F-BE22-BFCDE6CB0934}.Ad-Hoc|iPhone.ActiveCfg = Ad-Hoc|Any CPU
		{A14CEE7B-122F-445F-BE22-BFCDE6CB0934}.Ad-Hoc|iPhone.Build.0 = Ad-Hoc|Any CPU
		{A14CEE7B-122F-445F-BE22-BFCDE6CB0934}.Ad-Hoc|iPhoneSimulator.ActiveCfg = Ad-Hoc|Any CPU
		{A14CEE7B-122F-445F-BE22-BFCDE6CB0934}.Ad-Hoc|iPhoneSimulator.Build.0 = Ad-Hoc|Any CPU
		{A14CEE7B-122F-445F-BE22-BFCDE6CB0934}.AppStore|Any CPU.ActiveCfg = AppStore|Any CPU
		{A14CEE7B-122F-445F-BE22-BFCDE6CB0934}.AppStore|Any CPU.Build.0 = AppStore|Any CPU
		{A14CEE7B-122F-445F-BE22-BFCDE6CB0934}.AppStore|iPhone.ActiveCfg = AppStore|Any CPU
		{A14CEE7B-122F-445F-BE22-BFCDE6CB0934}.AppStore|iPhone.Build.0 = AppStore|Any CPU
		{A14CEE7B-122F-445F-BE22-BFCDE6CB0934}.AppStore|iPhoneSimulator.ActiveCfg = AppStore|Any CPU
		{A14CEE7B-122F-445F-BE22-BFCDE6CB0934}.AppStore|iPhoneSimulator.Build.0 = AppStore|Any CPU
		{A14CEE7B-122F-445F-BE22-BFCDE6CB0934}.Debug|Any CPU.ActiveCfg = Debug|Any CPU
		{A14CEE7B-122F-445F-BE22-BFCDE6CB0934}.Debug|Any CPU.Build.0 = Debug|Any CPU
		{A14CEE7B-122F-445F-BE22-BFCDE6CB0934}.Debug|iPhone.ActiveCfg = Debug|Any CPU
		{A14CEE7B-122F-445F-BE22-BFCDE6CB0934}.Debug|iPhone.Build.0 = Debug|Any CPU
		{A14CEE7B-122F-445F-BE22-BFCDE6CB0934}.Debug|iPhoneSimulator.ActiveCfg = Debug|Any CPU
		{A14CEE7B-122F-445F-BE22-BFCDE6CB0934}.Debug|iPhoneSimulator.Build.0 = Debug|Any CPU
		{A14CEE7B-122F-445F-BE22-BFCDE6CB0934}.Release|Any CPU.ActiveCfg = Release|Any CPU
		{A14CEE7B-122F-445F-BE22-BFCDE6CB0934}.Release|Any CPU.Build.0 = Release|Any CPU
		{A14CEE7B-122F-445F-BE22-BFCDE6CB0934}.Release|iPhone.ActiveCfg = Release|Any CPU
		{A14CEE7B-122F-445F-BE22-BFCDE6CB0934}.Release|iPhone.Build.0 = Release|Any CPU
		{A14CEE7B-122F-445F-BE22-BFCDE6CB0934}.Release|iPhoneSimulator.ActiveCfg = Release|Any CPU
		{A14CEE7B-122F-445F-BE22-BFCDE6CB0934}.Release|iPhoneSimulator.Build.0 = Release|Any CPU
		{A14CEE7B-122F-445F-BE22-BFCDE6CB0934}.PlayStore|Any CPU.ActiveCfg = Release|Any CPU
		{A14CEE7B-122F-445F-BE22-BFCDE6CB0934}.PlayStore|Any CPU.Build.0 = Release|Any CPU
		{A14CEE7B-122F-445F-BE22-BFCDE6CB0934}.Android-PQA|Any CPU.ActiveCfg = Release|Any CPU
		{A14CEE7B-122F-445F-BE22-BFCDE6CB0934}.Android-PQA|Any CPU.Build.0 = Release|Any CPU
		{A14CEE7B-122F-445F-BE22-BFCDE6CB0934}.Android-PROD|Any CPU.ActiveCfg = Release|Any CPU
		{A14CEE7B-122F-445F-BE22-BFCDE6CB0934}.Android-PROD|Any CPU.Build.0 = Release|Any CPU
		{A14CEE7B-122F-445F-BE22-BFCDE6CB0934}.AdHoc-PQA|Any CPU.ActiveCfg = Release|Any CPU
		{A14CEE7B-122F-445F-BE22-BFCDE6CB0934}.AdHoc-PQA|Any CPU.Build.0 = Release|Any CPU
		{A14CEE7B-122F-445F-BE22-BFCDE6CB0934}.AdHoc-PROD|Any CPU.ActiveCfg = Release|Any CPU
		{A14CEE7B-122F-445F-BE22-BFCDE6CB0934}.AdHoc-PROD|Any CPU.Build.0 = Release|Any CPU
		{500B6E5F-8638-471A-872E-F2F6B050E24A}.AdHoc_PQA|Any CPU.ActiveCfg = AdHoc_PQA|Any CPU
		{500B6E5F-8638-471A-872E-F2F6B050E24A}.AdHoc_PQA|Any CPU.Build.0 = AdHoc_PQA|Any CPU
		{500B6E5F-8638-471A-872E-F2F6B050E24A}.AdHoc_PQA|iPhone.ActiveCfg = AdHoc_PQA|Any CPU
		{500B6E5F-8638-471A-872E-F2F6B050E24A}.AdHoc_PQA|iPhone.Build.0 = AdHoc_PQA|Any CPU
		{500B6E5F-8638-471A-872E-F2F6B050E24A}.AdHoc_PQA|iPhoneSimulator.ActiveCfg = AdHoc_PQA|Any CPU
		{500B6E5F-8638-471A-872E-F2F6B050E24A}.AdHoc_PQA|iPhoneSimulator.Build.0 = AdHoc_PQA|Any CPU
		{500B6E5F-8638-471A-872E-F2F6B050E24A}.AdHoc_PROD|Any CPU.ActiveCfg = AdHoc_PROD|Any CPU
		{500B6E5F-8638-471A-872E-F2F6B050E24A}.AdHoc_PROD|Any CPU.Build.0 = AdHoc_PROD|Any CPU
		{500B6E5F-8638-471A-872E-F2F6B050E24A}.AdHoc_PROD|iPhone.ActiveCfg = AdHoc_PROD|Any CPU
		{500B6E5F-8638-471A-872E-F2F6B050E24A}.AdHoc_PROD|iPhone.Build.0 = AdHoc_PROD|Any CPU
		{500B6E5F-8638-471A-872E-F2F6B050E24A}.AdHoc_PROD|iPhoneSimulator.ActiveCfg = AdHoc_PROD|Any CPU
		{500B6E5F-8638-471A-872E-F2F6B050E24A}.AdHoc_PROD|iPhoneSimulator.Build.0 = AdHoc_PROD|Any CPU
		{500B6E5F-8638-471A-872E-F2F6B050E24A}.AdHoc_QA|Any CPU.ActiveCfg = AdHoc_QA|Any CPU
		{500B6E5F-8638-471A-872E-F2F6B050E24A}.AdHoc_QA|Any CPU.Build.0 = AdHoc_QA|Any CPU
		{500B6E5F-8638-471A-872E-F2F6B050E24A}.AdHoc_QA|iPhone.ActiveCfg = AdHoc_QA|Any CPU
		{500B6E5F-8638-471A-872E-F2F6B050E24A}.AdHoc_QA|iPhone.Build.0 = AdHoc_QA|Any CPU
		{500B6E5F-8638-471A-872E-F2F6B050E24A}.AdHoc_QA|iPhoneSimulator.ActiveCfg = AdHoc_QA|Any CPU
		{500B6E5F-8638-471A-872E-F2F6B050E24A}.AdHoc_QA|iPhoneSimulator.Build.0 = AdHoc_QA|Any CPU
		{500B6E5F-8638-471A-872E-F2F6B050E24A}.AdHoc_Staging|Any CPU.ActiveCfg = AdHoc_Staging|Any CPU
		{500B6E5F-8638-471A-872E-F2F6B050E24A}.AdHoc_Staging|Any CPU.Build.0 = AdHoc_Staging|Any CPU
		{500B6E5F-8638-471A-872E-F2F6B050E24A}.AdHoc_Staging|iPhone.ActiveCfg = AdHoc_Staging|Any CPU
		{500B6E5F-8638-471A-872E-F2F6B050E24A}.AdHoc_Staging|iPhone.Build.0 = AdHoc_Staging|Any CPU
		{500B6E5F-8638-471A-872E-F2F6B050E24A}.AdHoc_Staging|iPhoneSimulator.ActiveCfg = AdHoc_Staging|Any CPU
		{500B6E5F-8638-471A-872E-F2F6B050E24A}.AdHoc_Staging|iPhoneSimulator.Build.0 = AdHoc_Staging|Any CPU
		{500B6E5F-8638-471A-872E-F2F6B050E24A}.Ad-Hoc|Any CPU.ActiveCfg = Ad-Hoc|Any CPU
		{500B6E5F-8638-471A-872E-F2F6B050E24A}.Ad-Hoc|Any CPU.Build.0 = Ad-Hoc|Any CPU
		{500B6E5F-8638-471A-872E-F2F6B050E24A}.Ad-Hoc|iPhone.ActiveCfg = Ad-Hoc|Any CPU
		{500B6E5F-8638-471A-872E-F2F6B050E24A}.Ad-Hoc|iPhone.Build.0 = Ad-Hoc|Any CPU
		{500B6E5F-8638-471A-872E-F2F6B050E24A}.Ad-Hoc|iPhoneSimulator.ActiveCfg = Ad-Hoc|Any CPU
		{500B6E5F-8638-471A-872E-F2F6B050E24A}.Ad-Hoc|iPhoneSimulator.Build.0 = Ad-Hoc|Any CPU
		{500B6E5F-8638-471A-872E-F2F6B050E24A}.AppStore|Any CPU.ActiveCfg = AppStore|Any CPU
		{500B6E5F-8638-471A-872E-F2F6B050E24A}.AppStore|Any CPU.Build.0 = AppStore|Any CPU
		{500B6E5F-8638-471A-872E-F2F6B050E24A}.AppStore|iPhone.ActiveCfg = AppStore|Any CPU
		{500B6E5F-8638-471A-872E-F2F6B050E24A}.AppStore|iPhone.Build.0 = AppStore|Any CPU
		{500B6E5F-8638-471A-872E-F2F6B050E24A}.AppStore|iPhoneSimulator.ActiveCfg = AppStore|Any CPU
		{500B6E5F-8638-471A-872E-F2F6B050E24A}.AppStore|iPhoneSimulator.Build.0 = AppStore|Any CPU
		{500B6E5F-8638-471A-872E-F2F6B050E24A}.Debug|Any CPU.ActiveCfg = Debug|Any CPU
		{500B6E5F-8638-471A-872E-F2F6B050E24A}.Debug|Any CPU.Build.0 = Debug|Any CPU
		{500B6E5F-8638-471A-872E-F2F6B050E24A}.Debug|iPhone.ActiveCfg = Debug|Any CPU
		{500B6E5F-8638-471A-872E-F2F6B050E24A}.Debug|iPhone.Build.0 = Debug|Any CPU
		{500B6E5F-8638-471A-872E-F2F6B050E24A}.Debug|iPhoneSimulator.ActiveCfg = Debug|Any CPU
		{500B6E5F-8638-471A-872E-F2F6B050E24A}.Debug|iPhoneSimulator.Build.0 = Debug|Any CPU
		{500B6E5F-8638-471A-872E-F2F6B050E24A}.Release|Any CPU.ActiveCfg = Release|Any CPU
		{500B6E5F-8638-471A-872E-F2F6B050E24A}.Release|Any CPU.Build.0 = Release|Any CPU
		{500B6E5F-8638-471A-872E-F2F6B050E24A}.Release|iPhone.ActiveCfg = Release|Any CPU
		{500B6E5F-8638-471A-872E-F2F6B050E24A}.Release|iPhone.Build.0 = Release|Any CPU
		{500B6E5F-8638-471A-872E-F2F6B050E24A}.Release|iPhoneSimulator.ActiveCfg = Release|Any CPU
		{500B6E5F-8638-471A-872E-F2F6B050E24A}.Release|iPhoneSimulator.Build.0 = Release|Any CPU
		{500B6E5F-8638-471A-872E-F2F6B050E24A}.PlayStore|Any CPU.ActiveCfg = Release|Any CPU
		{500B6E5F-8638-471A-872E-F2F6B050E24A}.PlayStore|Any CPU.Build.0 = Release|Any CPU
		{500B6E5F-8638-471A-872E-F2F6B050E24A}.Android-PQA|Any CPU.ActiveCfg = Release|Any CPU
		{500B6E5F-8638-471A-872E-F2F6B050E24A}.Android-PQA|Any CPU.Build.0 = Release|Any CPU
		{500B6E5F-8638-471A-872E-F2F6B050E24A}.Android-PROD|Any CPU.ActiveCfg = Release|Any CPU
		{500B6E5F-8638-471A-872E-F2F6B050E24A}.Android-PROD|Any CPU.Build.0 = Release|Any CPU
		{500B6E5F-8638-471A-872E-F2F6B050E24A}.AdHoc-PQA|Any CPU.ActiveCfg = Release|Any CPU
		{500B6E5F-8638-471A-872E-F2F6B050E24A}.AdHoc-PQA|Any CPU.Build.0 = Release|Any CPU
		{500B6E5F-8638-471A-872E-F2F6B050E24A}.AdHoc-PROD|Any CPU.ActiveCfg = Release|Any CPU
		{500B6E5F-8638-471A-872E-F2F6B050E24A}.AdHoc-PROD|Any CPU.Build.0 = Release|Any CPU
		{ED091004-9CFE-4A49-9DA3-FC4F471B84AB}.AdHoc_PQA|Any CPU.ActiveCfg = Release|Any CPU
		{ED091004-9CFE-4A49-9DA3-FC4F471B84AB}.AdHoc_PQA|Any CPU.Build.0 = Release|Any CPU
		{ED091004-9CFE-4A49-9DA3-FC4F471B84AB}.AdHoc_PQA|iPhone.ActiveCfg = Release|Any CPU
		{ED091004-9CFE-4A49-9DA3-FC4F471B84AB}.AdHoc_PQA|iPhone.Build.0 = Release|Any CPU
		{ED091004-9CFE-4A49-9DA3-FC4F471B84AB}.AdHoc_PQA|iPhoneSimulator.ActiveCfg = Release|Any CPU
		{ED091004-9CFE-4A49-9DA3-FC4F471B84AB}.AdHoc_PQA|iPhoneSimulator.Build.0 = Release|Any CPU
		{ED091004-9CFE-4A49-9DA3-FC4F471B84AB}.AdHoc_PROD|Any CPU.ActiveCfg = Release|Any CPU
		{ED091004-9CFE-4A49-9DA3-FC4F471B84AB}.AdHoc_PROD|Any CPU.Build.0 = Release|Any CPU
		{ED091004-9CFE-4A49-9DA3-FC4F471B84AB}.AdHoc_PROD|iPhone.ActiveCfg = Release|Any CPU
		{ED091004-9CFE-4A49-9DA3-FC4F471B84AB}.AdHoc_PROD|iPhone.Build.0 = Release|Any CPU
		{ED091004-9CFE-4A49-9DA3-FC4F471B84AB}.AdHoc_PROD|iPhoneSimulator.ActiveCfg = Release|Any CPU
		{ED091004-9CFE-4A49-9DA3-FC4F471B84AB}.AdHoc_PROD|iPhoneSimulator.Build.0 = Release|Any CPU
		{ED091004-9CFE-4A49-9DA3-FC4F471B84AB}.AdHoc_QA|Any CPU.ActiveCfg = Release|Any CPU
		{ED091004-9CFE-4A49-9DA3-FC4F471B84AB}.AdHoc_QA|Any CPU.Build.0 = Release|Any CPU
		{ED091004-9CFE-4A49-9DA3-FC4F471B84AB}.AdHoc_QA|iPhone.ActiveCfg = Release|Any CPU
		{ED091004-9CFE-4A49-9DA3-FC4F471B84AB}.AdHoc_QA|iPhone.Build.0 = Release|Any CPU
		{ED091004-9CFE-4A49-9DA3-FC4F471B84AB}.AdHoc_QA|iPhoneSimulator.ActiveCfg = Release|Any CPU
		{ED091004-9CFE-4A49-9DA3-FC4F471B84AB}.AdHoc_QA|iPhoneSimulator.Build.0 = Release|Any CPU
		{ED091004-9CFE-4A49-9DA3-FC4F471B84AB}.AdHoc_Staging|Any CPU.ActiveCfg = Release|Any CPU
		{ED091004-9CFE-4A49-9DA3-FC4F471B84AB}.AdHoc_Staging|Any CPU.Build.0 = Release|Any CPU
		{ED091004-9CFE-4A49-9DA3-FC4F471B84AB}.AdHoc_Staging|iPhone.ActiveCfg = Release|Any CPU
		{ED091004-9CFE-4A49-9DA3-FC4F471B84AB}.AdHoc_Staging|iPhone.Build.0 = Release|Any CPU
		{ED091004-9CFE-4A49-9DA3-FC4F471B84AB}.AdHoc_Staging|iPhoneSimulator.ActiveCfg = Release|Any CPU
		{ED091004-9CFE-4A49-9DA3-FC4F471B84AB}.AdHoc_Staging|iPhoneSimulator.Build.0 = Release|Any CPU
		{ED091004-9CFE-4A49-9DA3-FC4F471B84AB}.Ad-Hoc|Any CPU.ActiveCfg = Ad-Hoc|iPhoneSimulator
		{ED091004-9CFE-4A49-9DA3-FC4F471B84AB}.Ad-Hoc|Any CPU.Build.0 = Ad-Hoc|iPhoneSimulator
		{ED091004-9CFE-4A49-9DA3-FC4F471B84AB}.Ad-Hoc|iPhone.ActiveCfg = Ad-Hoc|iPhoneSimulator
		{ED091004-9CFE-4A49-9DA3-FC4F471B84AB}.Ad-Hoc|iPhone.Build.0 = Ad-Hoc|iPhoneSimulator
		{ED091004-9CFE-4A49-9DA3-FC4F471B84AB}.Ad-Hoc|iPhoneSimulator.ActiveCfg = Ad-Hoc|iPhoneSimulator
		{ED091004-9CFE-4A49-9DA3-FC4F471B84AB}.Ad-Hoc|iPhoneSimulator.Build.0 = Ad-Hoc|iPhoneSimulator
		{ED091004-9CFE-4A49-9DA3-FC4F471B84AB}.AppStore|Any CPU.ActiveCfg = AppStore|Any CPU
		{ED091004-9CFE-4A49-9DA3-FC4F471B84AB}.AppStore|Any CPU.Build.0 = AppStore|Any CPU
		{ED091004-9CFE-4A49-9DA3-FC4F471B84AB}.AppStore|iPhone.ActiveCfg = AppStore|Any CPU
		{ED091004-9CFE-4A49-9DA3-FC4F471B84AB}.AppStore|iPhone.Build.0 = AppStore|Any CPU
		{ED091004-9CFE-4A49-9DA3-FC4F471B84AB}.AppStore|iPhoneSimulator.ActiveCfg = AppStore|Any CPU
		{ED091004-9CFE-4A49-9DA3-FC4F471B84AB}.AppStore|iPhoneSimulator.Build.0 = AppStore|Any CPU
		{ED091004-9CFE-4A49-9DA3-FC4F471B84AB}.Debug|Any CPU.ActiveCfg = Debug|Any CPU
		{ED091004-9CFE-4A49-9DA3-FC4F471B84AB}.Debug|Any CPU.Build.0 = Debug|Any CPU
		{ED091004-9CFE-4A49-9DA3-FC4F471B84AB}.Debug|iPhone.ActiveCfg = Debug|Any CPU
		{ED091004-9CFE-4A49-9DA3-FC4F471B84AB}.Debug|iPhone.Build.0 = Debug|Any CPU
		{ED091004-9CFE-4A49-9DA3-FC4F471B84AB}.Debug|iPhoneSimulator.ActiveCfg = Debug|Any CPU
		{ED091004-9CFE-4A49-9DA3-FC4F471B84AB}.Debug|iPhoneSimulator.Build.0 = Debug|Any CPU
		{ED091004-9CFE-4A49-9DA3-FC4F471B84AB}.Release|Any CPU.ActiveCfg = Release|Any CPU
		{ED091004-9CFE-4A49-9DA3-FC4F471B84AB}.Release|Any CPU.Build.0 = Release|Any CPU
		{ED091004-9CFE-4A49-9DA3-FC4F471B84AB}.Release|iPhone.ActiveCfg = Release|Any CPU
		{ED091004-9CFE-4A49-9DA3-FC4F471B84AB}.Release|iPhone.Build.0 = Release|Any CPU
		{ED091004-9CFE-4A49-9DA3-FC4F471B84AB}.Release|iPhoneSimulator.ActiveCfg = Release|Any CPU
		{ED091004-9CFE-4A49-9DA3-FC4F471B84AB}.Release|iPhoneSimulator.Build.0 = Release|Any CPU
		{ED091004-9CFE-4A49-9DA3-FC4F471B84AB}.PlayStore|Any CPU.ActiveCfg = PlayStore|Any CPU
		{ED091004-9CFE-4A49-9DA3-FC4F471B84AB}.PlayStore|Any CPU.Build.0 = PlayStore|Any CPU
		{ED091004-9CFE-4A49-9DA3-FC4F471B84AB}.Android-PQA|Any CPU.ActiveCfg = Android-PQA|Any CPU
		{ED091004-9CFE-4A49-9DA3-FC4F471B84AB}.Android-PQA|Any CPU.Build.0 = Android-PQA|Any CPU
		{ED091004-9CFE-4A49-9DA3-FC4F471B84AB}.Android-PROD|Any CPU.ActiveCfg = Android-PROD|Any CPU
		{ED091004-9CFE-4A49-9DA3-FC4F471B84AB}.Android-PROD|Any CPU.Build.0 = Android-PROD|Any CPU
		{ED091004-9CFE-4A49-9DA3-FC4F471B84AB}.AdHoc-PQA|Any CPU.ActiveCfg = AdHoc-PQA|Any CPU
		{ED091004-9CFE-4A49-9DA3-FC4F471B84AB}.AdHoc-PQA|Any CPU.Build.0 = AdHoc-PQA|Any CPU
		{ED091004-9CFE-4A49-9DA3-FC4F471B84AB}.AdHoc-PROD|Any CPU.ActiveCfg = AdHoc-PROD|Any CPU
		{ED091004-9CFE-4A49-9DA3-FC4F471B84AB}.AdHoc-PROD|Any CPU.Build.0 = AdHoc-PROD|Any CPU
		{7C693F54-1E4B-48B0-A7F3-2B008046E6CB}.AdHoc_PQA|Any CPU.ActiveCfg = AdHoc_PQA|Any CPU
		{7C693F54-1E4B-48B0-A7F3-2B008046E6CB}.AdHoc_PQA|Any CPU.Build.0 = AdHoc_PQA|Any CPU
		{7C693F54-1E4B-48B0-A7F3-2B008046E6CB}.AdHoc_PQA|Any CPU.Deploy.0 = AdHoc_PQA|Any CPU
		{7C693F54-1E4B-48B0-A7F3-2B008046E6CB}.AdHoc_PQA|iPhone.ActiveCfg = AdHoc_PQA|iPhone
		{7C693F54-1E4B-48B0-A7F3-2B008046E6CB}.AdHoc_PQA|iPhoneSimulator.ActiveCfg = AdHoc_PQA|Any CPU
		{7C693F54-1E4B-48B0-A7F3-2B008046E6CB}.AdHoc_PQA|iPhoneSimulator.Build.0 = AdHoc_PQA|Any CPU
		{7C693F54-1E4B-48B0-A7F3-2B008046E6CB}.AdHoc_PQA|iPhoneSimulator.Deploy.0 = AdHoc_PQA|Any CPU
		{7C693F54-1E4B-48B0-A7F3-2B008046E6CB}.AdHoc_PROD|Any CPU.ActiveCfg = AdHoc_PROD|Any CPU
		{7C693F54-1E4B-48B0-A7F3-2B008046E6CB}.AdHoc_PROD|Any CPU.Build.0 = AdHoc_PROD|Any CPU
		{7C693F54-1E4B-48B0-A7F3-2B008046E6CB}.AdHoc_PROD|Any CPU.Deploy.0 = AdHoc_PROD|Any CPU
		{7C693F54-1E4B-48B0-A7F3-2B008046E6CB}.AdHoc_PROD|iPhone.ActiveCfg = AdHoc_PROD|iPhone
		{7C693F54-1E4B-48B0-A7F3-2B008046E6CB}.AdHoc_PROD|iPhoneSimulator.ActiveCfg = AdHoc_PROD|Any CPU
		{7C693F54-1E4B-48B0-A7F3-2B008046E6CB}.AdHoc_PROD|iPhoneSimulator.Build.0 = AdHoc_PROD|Any CPU
		{7C693F54-1E4B-48B0-A7F3-2B008046E6CB}.AdHoc_PROD|iPhoneSimulator.Deploy.0 = AdHoc_PROD|Any CPU
		{7C693F54-1E4B-48B0-A7F3-2B008046E6CB}.AdHoc_QA|Any CPU.ActiveCfg = AdHoc_QA|Any CPU
		{7C693F54-1E4B-48B0-A7F3-2B008046E6CB}.AdHoc_QA|Any CPU.Build.0 = AdHoc_QA|Any CPU
		{7C693F54-1E4B-48B0-A7F3-2B008046E6CB}.AdHoc_QA|Any CPU.Deploy.0 = AdHoc_QA|Any CPU
		{7C693F54-1E4B-48B0-A7F3-2B008046E6CB}.AdHoc_QA|iPhone.ActiveCfg = AdHoc_QA|iPhone
		{7C693F54-1E4B-48B0-A7F3-2B008046E6CB}.AdHoc_QA|iPhoneSimulator.ActiveCfg = AdHoc_QA|Any CPU
		{7C693F54-1E4B-48B0-A7F3-2B008046E6CB}.AdHoc_QA|iPhoneSimulator.Build.0 = AdHoc_QA|Any CPU
		{7C693F54-1E4B-48B0-A7F3-2B008046E6CB}.AdHoc_QA|iPhoneSimulator.Deploy.0 = AdHoc_QA|Any CPU
		{7C693F54-1E4B-48B0-A7F3-2B008046E6CB}.AdHoc_Staging|Any CPU.ActiveCfg = AdHoc_Staging|Any CPU
		{7C693F54-1E4B-48B0-A7F3-2B008046E6CB}.AdHoc_Staging|Any CPU.Build.0 = AdHoc_Staging|Any CPU
		{7C693F54-1E4B-48B0-A7F3-2B008046E6CB}.AdHoc_Staging|Any CPU.Deploy.0 = AdHoc_Staging|Any CPU
		{7C693F54-1E4B-48B0-A7F3-2B008046E6CB}.AdHoc_Staging|iPhone.ActiveCfg = AdHoc_Staging|iPhone
		{7C693F54-1E4B-48B0-A7F3-2B008046E6CB}.AdHoc_Staging|iPhoneSimulator.ActiveCfg = AdHoc_Staging|Any CPU
		{7C693F54-1E4B-48B0-A7F3-2B008046E6CB}.AdHoc_Staging|iPhoneSimulator.Build.0 = AdHoc_Staging|Any CPU
		{7C693F54-1E4B-48B0-A7F3-2B008046E6CB}.AdHoc_Staging|iPhoneSimulator.Deploy.0 = AdHoc_Staging|Any CPU
		{7C693F54-1E4B-48B0-A7F3-2B008046E6CB}.Ad-Hoc|Any CPU.ActiveCfg = AdHoc_Staging|Any CPU
		{7C693F54-1E4B-48B0-A7F3-2B008046E6CB}.Ad-Hoc|Any CPU.Build.0 = AdHoc_Staging|Any CPU
		{7C693F54-1E4B-48B0-A7F3-2B008046E6CB}.Ad-Hoc|Any CPU.Deploy.0 = AdHoc_Staging|Any CPU
		{7C693F54-1E4B-48B0-A7F3-2B008046E6CB}.Ad-Hoc|iPhone.ActiveCfg = AdHoc_Staging|iPhone
		{7C693F54-1E4B-48B0-A7F3-2B008046E6CB}.Ad-Hoc|iPhone.Build.0 = AdHoc_Staging|iPhone
		{7C693F54-1E4B-48B0-A7F3-2B008046E6CB}.Ad-Hoc|iPhone.Deploy.0 = AdHoc_Staging|iPhone
		{7C693F54-1E4B-48B0-A7F3-2B008046E6CB}.Ad-Hoc|iPhoneSimulator.ActiveCfg = Release|Any CPU
		{7C693F54-1E4B-48B0-A7F3-2B008046E6CB}.Ad-Hoc|iPhoneSimulator.Build.0 = Release|Any CPU
		{7C693F54-1E4B-48B0-A7F3-2B008046E6CB}.Ad-Hoc|iPhoneSimulator.Deploy.0 = Release|Any CPU
		{7C693F54-1E4B-48B0-A7F3-2B008046E6CB}.AppStore|Any CPU.ActiveCfg = AppStore|Any CPU
		{7C693F54-1E4B-48B0-A7F3-2B008046E6CB}.AppStore|Any CPU.Build.0 = AppStore|Any CPU
		{7C693F54-1E4B-48B0-A7F3-2B008046E6CB}.AppStore|Any CPU.Deploy.0 = AppStore|Any CPU
		{7C693F54-1E4B-48B0-A7F3-2B008046E6CB}.AppStore|iPhone.ActiveCfg = AppStore|iPhone
		{7C693F54-1E4B-48B0-A7F3-2B008046E6CB}.AppStore|iPhoneSimulator.ActiveCfg = AppStore|Any CPU
		{7C693F54-1E4B-48B0-A7F3-2B008046E6CB}.AppStore|iPhoneSimulator.Build.0 = AppStore|Any CPU
		{7C693F54-1E4B-48B0-A7F3-2B008046E6CB}.AppStore|iPhoneSimulator.Deploy.0 = AppStore|Any CPU
		{7C693F54-1E4B-48B0-A7F3-2B008046E6CB}.Debug|Any CPU.ActiveCfg = Debug|Any CPU
		{7C693F54-1E4B-48B0-A7F3-2B008046E6CB}.Debug|Any CPU.Build.0 = Debug|Any CPU
		{7C693F54-1E4B-48B0-A7F3-2B008046E6CB}.Debug|Any CPU.Deploy.0 = Debug|Any CPU
		{7C693F54-1E4B-48B0-A7F3-2B008046E6CB}.Debug|iPhone.ActiveCfg = Debug|Any CPU
		{7C693F54-1E4B-48B0-A7F3-2B008046E6CB}.Debug|iPhone.Build.0 = Debug|Any CPU
		{7C693F54-1E4B-48B0-A7F3-2B008046E6CB}.Debug|iPhone.Deploy.0 = Debug|Any CPU
		{7C693F54-1E4B-48B0-A7F3-2B008046E6CB}.Debug|iPhoneSimulator.ActiveCfg = Debug|Any CPU
		{7C693F54-1E4B-48B0-A7F3-2B008046E6CB}.Debug|iPhoneSimulator.Build.0 = Debug|Any CPU
		{7C693F54-1E4B-48B0-A7F3-2B008046E6CB}.Debug|iPhoneSimulator.Deploy.0 = Debug|Any CPU
		{7C693F54-1E4B-48B0-A7F3-2B008046E6CB}.Release|Any CPU.ActiveCfg = Release|Any CPU
		{7C693F54-1E4B-48B0-A7F3-2B008046E6CB}.Release|Any CPU.Build.0 = Release|Any CPU
		{7C693F54-1E4B-48B0-A7F3-2B008046E6CB}.Release|Any CPU.Deploy.0 = Release|Any CPU
		{7C693F54-1E4B-48B0-A7F3-2B008046E6CB}.Release|iPhone.ActiveCfg = Release|Any CPU
		{7C693F54-1E4B-48B0-A7F3-2B008046E6CB}.Release|iPhone.Build.0 = Release|Any CPU
		{7C693F54-1E4B-48B0-A7F3-2B008046E6CB}.Release|iPhone.Deploy.0 = Release|Any CPU
		{7C693F54-1E4B-48B0-A7F3-2B008046E6CB}.Release|iPhoneSimulator.ActiveCfg = Release|Any CPU
		{7C693F54-1E4B-48B0-A7F3-2B008046E6CB}.Release|iPhoneSimulator.Build.0 = Release|Any CPU
		{7C693F54-1E4B-48B0-A7F3-2B008046E6CB}.Release|iPhoneSimulator.Deploy.0 = Release|Any CPU
		{7C693F54-1E4B-48B0-A7F3-2B008046E6CB}.PlayStore|Any CPU.ActiveCfg = Debug|Any CPU
		{7C693F54-1E4B-48B0-A7F3-2B008046E6CB}.PlayStore|Any CPU.Build.0 = Debug|Any CPU
		{7C693F54-1E4B-48B0-A7F3-2B008046E6CB}.Android-PQA|Any CPU.ActiveCfg = Debug|Any CPU
		{7C693F54-1E4B-48B0-A7F3-2B008046E6CB}.Android-PQA|Any CPU.Build.0 = Debug|Any CPU
		{7C693F54-1E4B-48B0-A7F3-2B008046E6CB}.Android-PROD|Any CPU.ActiveCfg = Debug|Any CPU
		{7C693F54-1E4B-48B0-A7F3-2B008046E6CB}.Android-PROD|Any CPU.Build.0 = Debug|Any CPU
		{7C693F54-1E4B-48B0-A7F3-2B008046E6CB}.AdHoc-PQA|Any CPU.ActiveCfg = Debug|Any CPU
		{7C693F54-1E4B-48B0-A7F3-2B008046E6CB}.AdHoc-PQA|Any CPU.Build.0 = Debug|Any CPU
		{7C693F54-1E4B-48B0-A7F3-2B008046E6CB}.AdHoc-PROD|Any CPU.ActiveCfg = Debug|Any CPU
		{7C693F54-1E4B-48B0-A7F3-2B008046E6CB}.AdHoc-PROD|Any CPU.Build.0 = Debug|Any CPU
	EndGlobalSection
	GlobalSection(SolutionProperties) = preSolution
		HideSolutionNode = FALSE
	EndGlobalSection
	GlobalSection(NestedProjects) = preSolution
		{9CF7F118-9CE4-4C3F-8425-D33EAEF60B16} = {7AD9773D-FF2A-4E81-B932-679B8115644D}
		{3A31A506-2AE1-4416-AFA1-605F82E4FB68} = {7AD9773D-FF2A-4E81-B932-679B8115644D}
		{38E23226-8BD0-4466-AED4-319CB519D424} = {C024124F-4A97-455A-9D2A-8A6143573F84}
		{2457B903-5AA0-4B97-8E43-40E2A59C6CA5} = {C024124F-4A97-455A-9D2A-8A6143573F84}
		{44DDA70F-034F-49A6-A55B-2C4DA0E12550} = {2457B903-5AA0-4B97-8E43-40E2A59C6CA5}
		{9120925E-F9A3-4615-AA16-8F1591A398B9} = {38E23226-8BD0-4466-AED4-319CB519D424}
		{C2EBA9BF-50E9-4C56-A027-AFBCE38452C2} = {38E23226-8BD0-4466-AED4-319CB519D424}
		{1589B934-3815-4FAF-B7D1-9CD9F086A207} = {38E23226-8BD0-4466-AED4-319CB519D424}
		{9AAD936D-3249-4C10-A078-5ED939BAF008} = {38E23226-8BD0-4466-AED4-319CB519D424}
		{9DDB5E56-A02B-4904-969C-F81734A5BD0B} = {38E23226-8BD0-4466-AED4-319CB519D424}
		{A14CEE7B-122F-445F-BE22-BFCDE6CB0934} = {38E23226-8BD0-4466-AED4-319CB519D424}
		{DCE910CD-E99F-40E1-99C1-D96A1546C24A} = {C024124F-4A97-455A-9D2A-8A6143573F84}
		{F611C5EA-02F9-458A-8524-AFAE61A68BC4} = {DCE910CD-E99F-40E1-99C1-D96A1546C24A}
		{416EF61A-85AF-4679-9963-B18D0B8EFE77} = {DCE910CD-E99F-40E1-99C1-D96A1546C24A}
		{E4337BD0-FDAE-4D8F-944A-89A161EB4E40} = {DCE910CD-E99F-40E1-99C1-D96A1546C24A}
		{500B6E5F-8638-471A-872E-F2F6B050E24A} = {2457B903-5AA0-4B97-8E43-40E2A59C6CA5}
		{ED091004-9CFE-4A49-9DA3-FC4F471B84AB} = {2457B903-5AA0-4B97-8E43-40E2A59C6CA5}
		{7C693F54-1E4B-48B0-A7F3-2B008046E6CB} = {7AD9773D-FF2A-4E81-B932-679B8115644D}
	EndGlobalSection
	GlobalSection(ExtensibilityGlobals) = postSolution
		SolutionGuid = {8C620471-D6B7-49A3-A6A8-BC853F0CF0E9}
	EndGlobalSection
EndGlobal
